// !$*UTF8*$!
{
	archiveVersion = 1;
	classes = {
	};
	objectVersion = 55;
	objects = {

/* Begin PBXBuildFile section */
		F42422CD29052212003FE378 /* SwiftDev.swift in Sources */ = {isa = PBXBuildFile; fileRef = F42422CC29052212003FE378 /* SwiftDev.swift */; };
		F42422CE29052212003FE378 /* SwiftDev.swift in Sources */ = {isa = PBXBuildFile; fileRef = F42422CC29052212003FE378 /* SwiftDev.swift */; };
		F49884B22904DB7F00E99E55 /* libss_notebook_format_c_api.a in Frameworks */ = {isa = PBXBuildFile; fileRef = F49884B12904DB7F00E99E55 /* libss_notebook_format_c_api.a */; };
		F49884B42904DB9000E99E55 /* libss_notebook_format_c_api.a in Frameworks */ = {isa = PBXBuildFile; fileRef = F49884B32904DB9000E99E55 /* libss_notebook_format_c_api.a */; platformFilter = ios; };
		F49884B72904E98900E99E55 /* ToolTypes.swift in Sources */ = {isa = PBXBuildFile; fileRef = F49884B62904E98900E99E55 /* ToolTypes.swift */; };
		F49884B82904E98900E99E55 /* ToolTypes.swift in Sources */ = {isa = PBXBuildFile; fileRef = F49884B62904E98900E99E55 /* ToolTypes.swift */; };
		F49884BB2904FC2A00E99E55 /* libss_notebook_format_c_api.a in Frameworks */ = {isa = PBXBuildFile; fileRef = F49884BA2904FC2A00E99E55 /* libss_notebook_format_c_api.a */; platformFilter = maccatalyst; };
		F4991C5C2900ABC40042E1DC /* SubScriptDocument.swift in Sources */ = {isa = PBXBuildFile; fileRef = F4991C472900ABBF0042E1DC /* SubScriptDocument.swift */; };
		F4991C5D2900ABC40042E1DC /* SubScriptDocument.swift in Sources */ = {isa = PBXBuildFile; fileRef = F4991C472900ABBF0042E1DC /* SubScriptDocument.swift */; };
		F4991C602900ABC40042E1DC /* Assets.xcassets in Resources */ = {isa = PBXBuildFile; fileRef = F4991C492900ABC40042E1DC /* Assets.xcassets */; };
		F4991C612900ABC40042E1DC /* Assets.xcassets in Resources */ = {isa = PBXBuildFile; fileRef = F4991C492900ABC40042E1DC /* Assets.xcassets */; };
		F4991C8E2900ACFB0042E1DC /* Main.swift in Sources */ = {isa = PBXBuildFile; fileRef = F4991C792900ACFA0042E1DC /* Main.swift */; };
		F4991C8F2900ACFB0042E1DC /* Main.swift in Sources */ = {isa = PBXBuildFile; fileRef = F4991C792900ACFA0042E1DC /* Main.swift */; };
		F4991CAD2900AD060042E1DC /* SwiftUIUtils.swift in Sources */ = {isa = PBXBuildFile; fileRef = F4991C922900AD060042E1DC /* SwiftUIUtils.swift */; };
		F4991CAE2900AD060042E1DC /* SwiftUIUtils.swift in Sources */ = {isa = PBXBuildFile; fileRef = F4991C922900AD060042E1DC /* SwiftUIUtils.swift */; };
		F4991CAF2900AD060042E1DC /* LinearAlgebraExts.swift in Sources */ = {isa = PBXBuildFile; fileRef = F4991C932900AD060042E1DC /* LinearAlgebraExts.swift */; };
		F4991CB02900AD060042E1DC /* LinearAlgebraExts.swift in Sources */ = {isa = PBXBuildFile; fileRef = F4991C932900AD060042E1DC /* LinearAlgebraExts.swift */; };
		F4991CB12900AD060042E1DC /* ArrayExts.swift in Sources */ = {isa = PBXBuildFile; fileRef = F4991C952900AD060042E1DC /* ArrayExts.swift */; };
		F4991CB22900AD060042E1DC /* ArrayExts.swift in Sources */ = {isa = PBXBuildFile; fileRef = F4991C952900AD060042E1DC /* ArrayExts.swift */; };
		F4991CB52900AD060042E1DC /* ResultExts.swift in Sources */ = {isa = PBXBuildFile; fileRef = F4991C972900AD060042E1DC /* ResultExts.swift */; };
		F4991CB62900AD060042E1DC /* ResultExts.swift in Sources */ = {isa = PBXBuildFile; fileRef = F4991C972900AD060042E1DC /* ResultExts.swift */; };
		F4991CB72900AD060042E1DC /* IntExts.swift in Sources */ = {isa = PBXBuildFile; fileRef = F4991C982900AD060042E1DC /* IntExts.swift */; };
		F4991CB82900AD060042E1DC /* IntExts.swift in Sources */ = {isa = PBXBuildFile; fileRef = F4991C982900AD060042E1DC /* IntExts.swift */; };
		F4991CB92900AD060042E1DC /* URLExts.swift in Sources */ = {isa = PBXBuildFile; fileRef = F4991C992900AD060042E1DC /* URLExts.swift */; };
		F4991CBA2900AD060042E1DC /* URLExts.swift in Sources */ = {isa = PBXBuildFile; fileRef = F4991C992900AD060042E1DC /* URLExts.swift */; };
		F4991CBB2900AD060042E1DC /* StringExts.swift in Sources */ = {isa = PBXBuildFile; fileRef = F4991C9A2900AD060042E1DC /* StringExts.swift */; };
		F4991CBC2900AD060042E1DC /* StringExts.swift in Sources */ = {isa = PBXBuildFile; fileRef = F4991C9A2900AD060042E1DC /* StringExts.swift */; };
		F4991CBD2900AD060042E1DC /* CGPointExts.swift in Sources */ = {isa = PBXBuildFile; fileRef = F4991C9B2900AD060042E1DC /* CGPointExts.swift */; };
		F4991CBE2900AD060042E1DC /* CGPointExts.swift in Sources */ = {isa = PBXBuildFile; fileRef = F4991C9B2900AD060042E1DC /* CGPointExts.swift */; };
		F4991CBF2900AD060042E1DC /* CGFloatExts.swift in Sources */ = {isa = PBXBuildFile; fileRef = F4991C9C2900AD060042E1DC /* CGFloatExts.swift */; };
		F4991CC02900AD060042E1DC /* CGFloatExts.swift in Sources */ = {isa = PBXBuildFile; fileRef = F4991C9C2900AD060042E1DC /* CGFloatExts.swift */; };
		F4991CC12900AD060042E1DC /* UIFontExts.swift in Sources */ = {isa = PBXBuildFile; fileRef = F4991C9D2900AD060042E1DC /* UIFontExts.swift */; };
		F4991CC22900AD060042E1DC /* UIFontExts.swift in Sources */ = {isa = PBXBuildFile; fileRef = F4991C9D2900AD060042E1DC /* UIFontExts.swift */; };
		F4991CC32900AD060042E1DC /* OptionalExts.swift in Sources */ = {isa = PBXBuildFile; fileRef = F4991C9E2900AD060042E1DC /* OptionalExts.swift */; };
		F4991CC42900AD060042E1DC /* OptionalExts.swift in Sources */ = {isa = PBXBuildFile; fileRef = F4991C9E2900AD060042E1DC /* OptionalExts.swift */; };
		F4991CC92900AD060042E1DC /* CustomScroller.swift in Sources */ = {isa = PBXBuildFile; fileRef = F4991CA22900AD060042E1DC /* CustomScroller.swift */; };
		F4991CCA2900AD060042E1DC /* CustomScroller.swift in Sources */ = {isa = PBXBuildFile; fileRef = F4991CA22900AD060042E1DC /* CustomScroller.swift */; };
		F4991CCB2900AD060042E1DC /* BindingExts.swift in Sources */ = {isa = PBXBuildFile; fileRef = F4991CA32900AD060042E1DC /* BindingExts.swift */; };
		F4991CCC2900AD060042E1DC /* BindingExts.swift in Sources */ = {isa = PBXBuildFile; fileRef = F4991CA32900AD060042E1DC /* BindingExts.swift */; };
		F4991CCF2900AD060042E1DC /* Border.swift in Sources */ = {isa = PBXBuildFile; fileRef = F4991CA52900AD060042E1DC /* Border.swift */; };
		F4991CD02900AD060042E1DC /* Border.swift in Sources */ = {isa = PBXBuildFile; fileRef = F4991CA52900AD060042E1DC /* Border.swift */; };
		F4991CD12900AD060042E1DC /* Theme.swift in Sources */ = {isa = PBXBuildFile; fileRef = F4991CA62900AD060042E1DC /* Theme.swift */; };
		F4991CD22900AD060042E1DC /* Theme.swift in Sources */ = {isa = PBXBuildFile; fileRef = F4991CA62900AD060042E1DC /* Theme.swift */; };
		F4991CD32900AD060042E1DC /* ShapeExts.swift in Sources */ = {isa = PBXBuildFile; fileRef = F4991CA72900AD060042E1DC /* ShapeExts.swift */; };
		F4991CD42900AD060042E1DC /* ShapeExts.swift in Sources */ = {isa = PBXBuildFile; fileRef = F4991CA72900AD060042E1DC /* ShapeExts.swift */; };
		F4991CD52900AD060042E1DC /* SwiftUIWrapper.swift in Sources */ = {isa = PBXBuildFile; fileRef = F4991CA82900AD060042E1DC /* SwiftUIWrapper.swift */; };
		F4991CD62900AD060042E1DC /* SwiftUIWrapper.swift in Sources */ = {isa = PBXBuildFile; fileRef = F4991CA82900AD060042E1DC /* SwiftUIWrapper.swift */; };
		F4991CD92900AD060042E1DC /* MathUtil.swift in Sources */ = {isa = PBXBuildFile; fileRef = F4991CAB2900AD060042E1DC /* MathUtil.swift */; };
		F4991CDA2900AD060042E1DC /* MathUtil.swift in Sources */ = {isa = PBXBuildFile; fileRef = F4991CAB2900AD060042E1DC /* MathUtil.swift */; };
		F4991CDB2900AD060042E1DC /* CodableColor.swift in Sources */ = {isa = PBXBuildFile; fileRef = F4991CAC2900AD060042E1DC /* CodableColor.swift */; };
		F4991CDC2900AD060042E1DC /* CodableColor.swift in Sources */ = {isa = PBXBuildFile; fileRef = F4991CAC2900AD060042E1DC /* CodableColor.swift */; };
		F4991CDF2900AEC30042E1DC /* SS1.swift in Sources */ = {isa = PBXBuildFile; fileRef = F4991CDE2900AEC30042E1DC /* SS1.swift */; };
		F4991CE02900AEC30042E1DC /* SS1.swift in Sources */ = {isa = PBXBuildFile; fileRef = F4991CDE2900AEC30042E1DC /* SS1.swift */; };
		F4991CE22900B1390042E1DC /* Canvas.swift in Sources */ = {isa = PBXBuildFile; fileRef = F4991CE12900B1390042E1DC /* Canvas.swift */; };
		F4991CE32900B1390042E1DC /* Canvas.swift in Sources */ = {isa = PBXBuildFile; fileRef = F4991CE12900B1390042E1DC /* Canvas.swift */; };
		F4991CF42900C7E70042E1DC /* NSEvent.swift in Sources */ = {isa = PBXBuildFile; fileRef = F4991CF32900C7E70042E1DC /* NSEvent.swift */; };
		F4991CF52900C7E70042E1DC /* NSEvent.swift in Sources */ = {isa = PBXBuildFile; fileRef = F4991CF32900C7E70042E1DC /* NSEvent.swift */; };
		F4991D012900CA6B0042E1DC /* FFI.swift in Sources */ = {isa = PBXBuildFile; fileRef = F4991D002900CA6B0042E1DC /* FFI.swift */; };
		F4991D022900CA6B0042E1DC /* FFI.swift in Sources */ = {isa = PBXBuildFile; fileRef = F4991D002900CA6B0042E1DC /* FFI.swift */; };
		F4991D0F2900E4980042E1DC /* UI.swift in Sources */ = {isa = PBXBuildFile; fileRef = F4991D0E2900E4980042E1DC /* UI.swift */; };
		F4991D102900E4980042E1DC /* UI.swift in Sources */ = {isa = PBXBuildFile; fileRef = F4991D0E2900E4980042E1DC /* UI.swift */; };
		F4991D12290115320042E1DC /* Toolbar.swift in Sources */ = {isa = PBXBuildFile; fileRef = F4991D11290115320042E1DC /* Toolbar.swift */; };
		F4991D13290115320042E1DC /* Toolbar.swift in Sources */ = {isa = PBXBuildFile; fileRef = F4991D11290115320042E1DC /* Toolbar.swift */; };
		F4991D15290115640042E1DC /* Pen.swift in Sources */ = {isa = PBXBuildFile; fileRef = F4991D14290115640042E1DC /* Pen.swift */; };
		F4991D16290115640042E1DC /* Pen.swift in Sources */ = {isa = PBXBuildFile; fileRef = F4991D14290115640042E1DC /* Pen.swift */; };
		F4991D18290124DA0042E1DC /* Settings.swift in Sources */ = {isa = PBXBuildFile; fileRef = F4991D17290124DA0042E1DC /* Settings.swift */; };
		F4991D19290124DA0042E1DC /* Settings.swift in Sources */ = {isa = PBXBuildFile; fileRef = F4991D17290124DA0042E1DC /* Settings.swift */; };
		F4991D232901C6B90042E1DC /* ViewExts.swift in Sources */ = {isa = PBXBuildFile; fileRef = F4991D222901C6B90042E1DC /* ViewExts.swift */; };
		F4991D242901C6B90042E1DC /* ViewExts.swift in Sources */ = {isa = PBXBuildFile; fileRef = F4991D222901C6B90042E1DC /* ViewExts.swift */; };
		F4991D272901C89E0042E1DC /* Buttons.swift in Sources */ = {isa = PBXBuildFile; fileRef = F4991D262901C89E0042E1DC /* Buttons.swift */; };
		F4991D282901C89E0042E1DC /* Buttons.swift in Sources */ = {isa = PBXBuildFile; fileRef = F4991D262901C89E0042E1DC /* Buttons.swift */; };
		F4991D2D2901D7BD0042E1DC /* UI+DefaultColors.swift in Sources */ = {isa = PBXBuildFile; fileRef = F4991D2C2901D7BD0042E1DC /* UI+DefaultColors.swift */; };
		F4991D2E2901D7BD0042E1DC /* UI+DefaultColors.swift in Sources */ = {isa = PBXBuildFile; fileRef = F4991D2C2901D7BD0042E1DC /* UI+DefaultColors.swift */; };
		F4991D302901E41F0042E1DC /* Page.swift in Sources */ = {isa = PBXBuildFile; fileRef = F4991D2F2901E41F0042E1DC /* Page.swift */; };
		F4991D312901E41F0042E1DC /* Page.swift in Sources */ = {isa = PBXBuildFile; fileRef = F4991D2F2901E41F0042E1DC /* Page.swift */; };
		F4991D332901EDFF0042E1DC /* PageEntry.swift in Sources */ = {isa = PBXBuildFile; fileRef = F4991D322901EDFF0042E1DC /* PageEntry.swift */; };
		F4991D342901EDFF0042E1DC /* PageEntry.swift in Sources */ = {isa = PBXBuildFile; fileRef = F4991D322901EDFF0042E1DC /* PageEntry.swift */; };
		F4991D372902513C0042E1DC /* Heading.swift in Sources */ = {isa = PBXBuildFile; fileRef = F4991D362902513B0042E1DC /* Heading.swift */; };
		F4991D382902513C0042E1DC /* Heading.swift in Sources */ = {isa = PBXBuildFile; fileRef = F4991D362902513B0042E1DC /* Heading.swift */; };
		F4AE2F4D29032D5C00F897D7 /* PenListEditor.swift in Sources */ = {isa = PBXBuildFile; fileRef = F4AE2F4C29032D5C00F897D7 /* PenListEditor.swift */; };
		F4AE2F4E29032D5C00F897D7 /* PenListEditor.swift in Sources */ = {isa = PBXBuildFile; fileRef = F4AE2F4C29032D5C00F897D7 /* PenListEditor.swift */; };
		F4AE2F53290343B000F897D7 /* UI+Hacks.swift in Sources */ = {isa = PBXBuildFile; fileRef = F4AE2F52290343B000F897D7 /* UI+Hacks.swift */; };
		F4AE2F54290343B000F897D7 /* UI+Hacks.swift in Sources */ = {isa = PBXBuildFile; fileRef = F4AE2F52290343B000F897D7 /* UI+Hacks.swift */; };
		F4AE2F56290381D500F897D7 /* SwiftUITheme.swift in Sources */ = {isa = PBXBuildFile; fileRef = F4AE2F55290381D500F897D7 /* SwiftUITheme.swift */; };
		F4AE2F57290381D500F897D7 /* SwiftUITheme.swift in Sources */ = {isa = PBXBuildFile; fileRef = F4AE2F55290381D500F897D7 /* SwiftUITheme.swift */; };
		F4AE2F592903C77C00F897D7 /* ColorEditor.swift in Sources */ = {isa = PBXBuildFile; fileRef = F4AE2F582903C77C00F897D7 /* ColorEditor.swift */; };
		F4AE2F5A2903C77C00F897D7 /* ColorEditor.swift in Sources */ = {isa = PBXBuildFile; fileRef = F4AE2F582903C77C00F897D7 /* ColorEditor.swift */; };
		F4BF121929063C9B00C2E661 /* Atomics in Frameworks */ = {isa = PBXBuildFile; productRef = F4BF121829063C9B00C2E661 /* Atomics */; };
		F4FCB7342904744E00D50CE4 /* UI+LL.swift in Sources */ = {isa = PBXBuildFile; fileRef = F4FCB7332904744E00D50CE4 /* UI+LL.swift */; };
		F4FCB7352904744E00D50CE4 /* UI+LL.swift in Sources */ = {isa = PBXBuildFile; fileRef = F4FCB7332904744E00D50CE4 /* UI+LL.swift */; };
		F4FCB73D290478D000D50CE4 /* UI+ColorTypes.swift in Sources */ = {isa = PBXBuildFile; fileRef = F4FCB73C290478D000D50CE4 /* UI+ColorTypes.swift */; };
		F4FCB73E290478D000D50CE4 /* UI+ColorTypes.swift in Sources */ = {isa = PBXBuildFile; fileRef = F4FCB73C290478D000D50CE4 /* UI+ColorTypes.swift */; };
/* End PBXBuildFile section */

/* Begin PBXFileReference section */
		F42422C629051CD9003FE378 /* FFI.h */ = {isa = PBXFileReference; lastKnownFileType = sourcecode.c.h; path = FFI.h; sourceTree = "<group>"; };
		F42422C729051CE9003FE378 /* FFI.h */ = {isa = PBXFileReference; lastKnownFileType = sourcecode.c.h; path = FFI.h; sourceTree = "<group>"; };
		F42422CC29052212003FE378 /* SwiftDev.swift */ = {isa = PBXFileReference; lastKnownFileType = sourcecode.swift; path = SwiftDev.swift; sourceTree = "<group>"; };
		F49884B12904DB7F00E99E55 /* libss_notebook_format_c_api.a */ = {isa = PBXFileReference; lastKnownFileType = archive.ar; name = libss_notebook_format_c_api.a; path = "../../target/x86_64-apple-darwin/release/libss_notebook_format_c_api.a"; sourceTree = "<group>"; };
		F49884B32904DB9000E99E55 /* libss_notebook_format_c_api.a */ = {isa = PBXFileReference; lastKnownFileType = archive.ar; name = libss_notebook_format_c_api.a; path = "../../target/aarch64-apple-ios/release/libss_notebook_format_c_api.a"; sourceTree = "<group>"; };
		F49884B52904DC9000E99E55 /* ss-notebook-format.h */ = {isa = PBXFileReference; fileEncoding = 4; lastKnownFileType = sourcecode.c.h; name = "ss-notebook-format.h"; path = "../../../../ss-notebook-format-c-api/ffi/include/ss-notebook-format.h"; sourceTree = "<group>"; };
		F49884B62904E98900E99E55 /* ToolTypes.swift */ = {isa = PBXFileReference; lastKnownFileType = sourcecode.swift; path = ToolTypes.swift; sourceTree = "<group>"; };
		F49884B92904FC0500E99E55 /* SubScript (iOS).entitlements */ = {isa = PBXFileReference; lastKnownFileType = text.plist.entitlements; path = "SubScript (iOS).entitlements"; sourceTree = "<group>"; };
		F49884BA2904FC2A00E99E55 /* libss_notebook_format_c_api.a */ = {isa = PBXFileReference; lastKnownFileType = archive.ar; name = libss_notebook_format_c_api.a; path = "../../target/x86_64-apple-ios-macabi/release/libss_notebook_format_c_api.a"; sourceTree = "<group>"; };
		F4991C472900ABBF0042E1DC /* SubScriptDocument.swift */ = {isa = PBXFileReference; lastKnownFileType = sourcecode.swift; path = SubScriptDocument.swift; sourceTree = "<group>"; };
		F4991C492900ABC40042E1DC /* Assets.xcassets */ = {isa = PBXFileReference; lastKnownFileType = folder.assetcatalog; path = Assets.xcassets; sourceTree = "<group>"; };
		F4991C4E2900ABC40042E1DC /* SubScript.app */ = {isa = PBXFileReference; explicitFileType = wrapper.application; includeInIndex = 0; path = SubScript.app; sourceTree = BUILT_PRODUCTS_DIR; };
		F4991C512900ABC40042E1DC /* Info.plist */ = {isa = PBXFileReference; lastKnownFileType = text.plist.xml; path = Info.plist; sourceTree = "<group>"; };
		F4991C562900ABC40042E1DC /* SubScript.app */ = {isa = PBXFileReference; explicitFileType = wrapper.application; includeInIndex = 0; path = SubScript.app; sourceTree = BUILT_PRODUCTS_DIR; };
		F4991C582900ABC40042E1DC /* Info.plist */ = {isa = PBXFileReference; lastKnownFileType = text.plist.xml; path = Info.plist; sourceTree = "<group>"; };
		F4991C592900ABC40042E1DC /* macOS.entitlements */ = {isa = PBXFileReference; lastKnownFileType = text.plist.entitlements; path = macOS.entitlements; sourceTree = "<group>"; };
		F4991C792900ACFA0042E1DC /* Main.swift */ = {isa = PBXFileReference; fileEncoding = 4; lastKnownFileType = sourcecode.swift; path = Main.swift; sourceTree = "<group>"; };
		F4991C922900AD060042E1DC /* SwiftUIUtils.swift */ = {isa = PBXFileReference; fileEncoding = 4; lastKnownFileType = sourcecode.swift; path = SwiftUIUtils.swift; sourceTree = "<group>"; };
		F4991C932900AD060042E1DC /* LinearAlgebraExts.swift */ = {isa = PBXFileReference; fileEncoding = 4; lastKnownFileType = sourcecode.swift; path = LinearAlgebraExts.swift; sourceTree = "<group>"; };
		F4991C952900AD060042E1DC /* ArrayExts.swift */ = {isa = PBXFileReference; fileEncoding = 4; lastKnownFileType = sourcecode.swift; path = ArrayExts.swift; sourceTree = "<group>"; };
		F4991C972900AD060042E1DC /* ResultExts.swift */ = {isa = PBXFileReference; fileEncoding = 4; lastKnownFileType = sourcecode.swift; path = ResultExts.swift; sourceTree = "<group>"; };
		F4991C982900AD060042E1DC /* IntExts.swift */ = {isa = PBXFileReference; fileEncoding = 4; lastKnownFileType = sourcecode.swift; path = IntExts.swift; sourceTree = "<group>"; };
		F4991C992900AD060042E1DC /* URLExts.swift */ = {isa = PBXFileReference; fileEncoding = 4; lastKnownFileType = sourcecode.swift; path = URLExts.swift; sourceTree = "<group>"; };
		F4991C9A2900AD060042E1DC /* StringExts.swift */ = {isa = PBXFileReference; fileEncoding = 4; lastKnownFileType = sourcecode.swift; path = StringExts.swift; sourceTree = "<group>"; };
		F4991C9B2900AD060042E1DC /* CGPointExts.swift */ = {isa = PBXFileReference; fileEncoding = 4; lastKnownFileType = sourcecode.swift; path = CGPointExts.swift; sourceTree = "<group>"; };
		F4991C9C2900AD060042E1DC /* CGFloatExts.swift */ = {isa = PBXFileReference; fileEncoding = 4; lastKnownFileType = sourcecode.swift; path = CGFloatExts.swift; sourceTree = "<group>"; };
		F4991C9D2900AD060042E1DC /* UIFontExts.swift */ = {isa = PBXFileReference; fileEncoding = 4; lastKnownFileType = sourcecode.swift; path = UIFontExts.swift; sourceTree = "<group>"; };
		F4991C9E2900AD060042E1DC /* OptionalExts.swift */ = {isa = PBXFileReference; fileEncoding = 4; lastKnownFileType = sourcecode.swift; path = OptionalExts.swift; sourceTree = "<group>"; };
		F4991CA22900AD060042E1DC /* CustomScroller.swift */ = {isa = PBXFileReference; fileEncoding = 4; lastKnownFileType = sourcecode.swift; path = CustomScroller.swift; sourceTree = "<group>"; };
		F4991CA32900AD060042E1DC /* BindingExts.swift */ = {isa = PBXFileReference; fileEncoding = 4; lastKnownFileType = sourcecode.swift; path = BindingExts.swift; sourceTree = "<group>"; };
		F4991CA52900AD060042E1DC /* Border.swift */ = {isa = PBXFileReference; fileEncoding = 4; lastKnownFileType = sourcecode.swift; path = Border.swift; sourceTree = "<group>"; };
		F4991CA62900AD060042E1DC /* Theme.swift */ = {isa = PBXFileReference; fileEncoding = 4; lastKnownFileType = sourcecode.swift; path = Theme.swift; sourceTree = "<group>"; };
		F4991CA72900AD060042E1DC /* ShapeExts.swift */ = {isa = PBXFileReference; fileEncoding = 4; lastKnownFileType = sourcecode.swift; path = ShapeExts.swift; sourceTree = "<group>"; };
		F4991CA82900AD060042E1DC /* SwiftUIWrapper.swift */ = {isa = PBXFileReference; fileEncoding = 4; lastKnownFileType = sourcecode.swift; path = SwiftUIWrapper.swift; sourceTree = "<group>"; };
		F4991CAB2900AD060042E1DC /* MathUtil.swift */ = {isa = PBXFileReference; fileEncoding = 4; lastKnownFileType = sourcecode.swift; path = MathUtil.swift; sourceTree = "<group>"; };
		F4991CAC2900AD060042E1DC /* CodableColor.swift */ = {isa = PBXFileReference; fileEncoding = 4; lastKnownFileType = sourcecode.swift; path = CodableColor.swift; sourceTree = "<group>"; };
		F4991CDE2900AEC30042E1DC /* SS1.swift */ = {isa = PBXFileReference; lastKnownFileType = sourcecode.swift; path = SS1.swift; sourceTree = "<group>"; };
		F4991CE12900B1390042E1DC /* Canvas.swift */ = {isa = PBXFileReference; lastKnownFileType = sourcecode.swift; path = Canvas.swift; sourceTree = "<group>"; };
		F4991CEB2900BC940042E1DC /* libsubscript_app_rs.a */ = {isa = PBXFileReference; lastKnownFileType = archive.ar; name = libsubscript_app_rs.a; path = "../../target/aarch64-apple-ios/release/libsubscript_app_rs.a"; sourceTree = "<group>"; };
		F4991CED2900BCA20042E1DC /* libsubscript_app_rs.a */ = {isa = PBXFileReference; lastKnownFileType = archive.ar; name = libsubscript_app_rs.a; path = "../../target/x86_64-apple-darwin/release/libsubscript_app_rs.a"; sourceTree = "<group>"; };
		F4991CF32900C7E70042E1DC /* NSEvent.swift */ = {isa = PBXFileReference; lastKnownFileType = sourcecode.swift; path = NSEvent.swift; sourceTree = "<group>"; };
		F4991D002900CA6B0042E1DC /* FFI.swift */ = {isa = PBXFileReference; lastKnownFileType = sourcecode.swift; path = FFI.swift; sourceTree = "<group>"; };
		F4991D0E2900E4980042E1DC /* UI.swift */ = {isa = PBXFileReference; lastKnownFileType = sourcecode.swift; path = UI.swift; sourceTree = "<group>"; };
		F4991D11290115320042E1DC /* Toolbar.swift */ = {isa = PBXFileReference; lastKnownFileType = sourcecode.swift; path = Toolbar.swift; sourceTree = "<group>"; };
		F4991D14290115640042E1DC /* Pen.swift */ = {isa = PBXFileReference; lastKnownFileType = sourcecode.swift; path = Pen.swift; sourceTree = "<group>"; };
		F4991D17290124DA0042E1DC /* Settings.swift */ = {isa = PBXFileReference; lastKnownFileType = sourcecode.swift; path = Settings.swift; sourceTree = "<group>"; };
		F4991D222901C6B90042E1DC /* ViewExts.swift */ = {isa = PBXFileReference; lastKnownFileType = sourcecode.swift; path = ViewExts.swift; sourceTree = "<group>"; };
		F4991D262901C89E0042E1DC /* Buttons.swift */ = {isa = PBXFileReference; lastKnownFileType = sourcecode.swift; path = Buttons.swift; sourceTree = "<group>"; };
		F4991D2C2901D7BD0042E1DC /* UI+DefaultColors.swift */ = {isa = PBXFileReference; lastKnownFileType = sourcecode.swift; path = "UI+DefaultColors.swift"; sourceTree = "<group>"; };
		F4991D2F2901E41F0042E1DC /* Page.swift */ = {isa = PBXFileReference; lastKnownFileType = sourcecode.swift; path = Page.swift; sourceTree = "<group>"; };
		F4991D322901EDFF0042E1DC /* PageEntry.swift */ = {isa = PBXFileReference; lastKnownFileType = sourcecode.swift; path = PageEntry.swift; sourceTree = "<group>"; };
		F4991D362902513B0042E1DC /* Heading.swift */ = {isa = PBXFileReference; lastKnownFileType = sourcecode.swift; path = Heading.swift; sourceTree = "<group>"; };
		F4AE2F4C29032D5C00F897D7 /* PenListEditor.swift */ = {isa = PBXFileReference; lastKnownFileType = sourcecode.swift; path = PenListEditor.swift; sourceTree = "<group>"; };
		F4AE2F52290343B000F897D7 /* UI+Hacks.swift */ = {isa = PBXFileReference; lastKnownFileType = sourcecode.swift; path = "UI+Hacks.swift"; sourceTree = "<group>"; };
		F4AE2F55290381D500F897D7 /* SwiftUITheme.swift */ = {isa = PBXFileReference; lastKnownFileType = sourcecode.swift; path = SwiftUITheme.swift; sourceTree = "<group>"; };
		F4AE2F582903C77C00F897D7 /* ColorEditor.swift */ = {isa = PBXFileReference; lastKnownFileType = sourcecode.swift; path = ColorEditor.swift; sourceTree = "<group>"; };
		F4FCB7332904744E00D50CE4 /* UI+LL.swift */ = {isa = PBXFileReference; lastKnownFileType = sourcecode.swift; path = "UI+LL.swift"; sourceTree = "<group>"; };
		F4FCB73C290478D000D50CE4 /* UI+ColorTypes.swift */ = {isa = PBXFileReference; lastKnownFileType = sourcecode.swift; path = "UI+ColorTypes.swift"; sourceTree = "<group>"; };
/* End PBXFileReference section */

/* Begin PBXFrameworksBuildPhase section */
		F4991C4B2900ABC40042E1DC /* Frameworks */ = {
			isa = PBXFrameworksBuildPhase;
			buildActionMask = 2147483647;
			files = (
				F49884BB2904FC2A00E99E55 /* libss_notebook_format_c_api.a in Frameworks */,
				F49884B42904DB9000E99E55 /* libss_notebook_format_c_api.a in Frameworks */,
			);
			runOnlyForDeploymentPostprocessing = 0;
		};
		F4991C532900ABC40042E1DC /* Frameworks */ = {
			isa = PBXFrameworksBuildPhase;
			buildActionMask = 2147483647;
			files = (
				F49884B22904DB7F00E99E55 /* libss_notebook_format_c_api.a in Frameworks */,
				F4BF121929063C9B00C2E661 /* Atomics in Frameworks */,
			);
			runOnlyForDeploymentPostprocessing = 0;
		};
/* End PBXFrameworksBuildPhase section */

/* Begin PBXGroup section */
		F42422C429051CB5003FE378 /* IOS */ = {
			isa = PBXGroup;
			children = (
				F42422C729051CE9003FE378 /* FFI.h */,
				F42422CC29052212003FE378 /* SwiftDev.swift */,
			);
			path = IOS;
			sourceTree = "<group>";
		};
		F42422C529051CBA003FE378 /* MacOS */ = {
			isa = PBXGroup;
			children = (
				F42422C629051CD9003FE378 /* FFI.h */,
			);
			path = MacOS;
			sourceTree = "<group>";
		};
		F4991C402900ABBF0042E1DC = {
			isa = PBXGroup;
			children = (
				F4991C902900AD060042E1DC /* Lib */,
				F4991C6A2900ACFA0042E1DC /* Source */,
				F4991C452900ABBF0042E1DC /* Shared */,
				F4991C502900ABC40042E1DC /* iOS */,
				F4991C572900ABC40042E1DC /* macOS */,
				F4991C4F2900ABC40042E1DC /* Products */,
				F4991CEA2900BC940042E1DC /* Frameworks */,
			);
			sourceTree = "<group>";
		};
		F4991C452900ABBF0042E1DC /* Shared */ = {
			isa = PBXGroup;
			children = (
				F4991C472900ABBF0042E1DC /* SubScriptDocument.swift */,
				F4991C492900ABC40042E1DC /* Assets.xcassets */,
			);
			path = Shared;
			sourceTree = "<group>";
		};
		F4991C4F2900ABC40042E1DC /* Products */ = {
			isa = PBXGroup;
			children = (
				F4991C4E2900ABC40042E1DC /* SubScript.app */,
				F4991C562900ABC40042E1DC /* SubScript.app */,
			);
			name = Products;
			sourceTree = "<group>";
		};
		F4991C502900ABC40042E1DC /* iOS */ = {
			isa = PBXGroup;
			children = (
				F49884B92904FC0500E99E55 /* SubScript (iOS).entitlements */,
				F4991C512900ABC40042E1DC /* Info.plist */,
			);
			path = iOS;
			sourceTree = "<group>";
		};
		F4991C572900ABC40042E1DC /* macOS */ = {
			isa = PBXGroup;
			children = (
				F4991C582900ABC40042E1DC /* Info.plist */,
				F4991C592900ABC40042E1DC /* macOS.entitlements */,
			);
			path = macOS;
			sourceTree = "<group>";
		};
		F4991C6A2900ACFA0042E1DC /* Source */ = {
			isa = PBXGroup;
			children = (
				F4991D032900DBE00042E1DC /* FFI */,
				F4991CDD2900AEB10042E1DC /* SS1 */,
				F4991CDE2900AEC30042E1DC /* SS1.swift */,
				F4991C792900ACFA0042E1DC /* Main.swift */,
			);
			path = Source;
			sourceTree = "<group>";
		};
		F4991C902900AD060042E1DC /* Lib */ = {
			isa = PBXGroup;
			children = (
				F4991D1E2901C5A60042E1DC /* Foundation */,
				F4991D0D2900E48B0042E1DC /* UI */,
				F4991D212901C5D10042E1DC /* AppKit */,
				F4991D202901C5C90042E1DC /* UIKit */,
				F4991D1F2901C5AD0042E1DC /* CoreGraphics */,
				F4991CA02900AD060042E1DC /* SwiftUI */,
				F4991CA92900AD060042E1DC /* Data */,
			);
			path = Lib;
			sourceTree = "<group>";
		};
		F4991CA02900AD060042E1DC /* SwiftUI */ = {
			isa = PBXGroup;
			children = (
				F4991D252901C75F0042E1DC /* ViewExts */,
				F4991D222901C6B90042E1DC /* ViewExts.swift */,
				F4991CA22900AD060042E1DC /* CustomScroller.swift */,
				F4991C922900AD060042E1DC /* SwiftUIUtils.swift */,
				F4991CA32900AD060042E1DC /* BindingExts.swift */,
				F4991CA72900AD060042E1DC /* ShapeExts.swift */,
				F4991D262901C89E0042E1DC /* Buttons.swift */,
			);
			path = SwiftUI;
			sourceTree = "<group>";
		};
		F4991CA92900AD060042E1DC /* Data */ = {
			isa = PBXGroup;
			children = (
				F4991D2C2901D7BD0042E1DC /* UI+DefaultColors.swift */,
				F4991CAB2900AD060042E1DC /* MathUtil.swift */,
				F4991CAC2900AD060042E1DC /* CodableColor.swift */,
			);
			path = Data;
			sourceTree = "<group>";
		};
		F4991CDD2900AEB10042E1DC /* SS1 */ = {
			isa = PBXGroup;
			children = (
				F4AE2F462903277B00F897D7 /* Toolbar */,
				F4991D352902512E0042E1DC /* PageEntry */,
				F4991CE12900B1390042E1DC /* Canvas.swift */,
				F4991D11290115320042E1DC /* Toolbar.swift */,
				F4991D14290115640042E1DC /* Pen.swift */,
				F4991D17290124DA0042E1DC /* Settings.swift */,
				F4991D2F2901E41F0042E1DC /* Page.swift */,
				F4991D322901EDFF0042E1DC /* PageEntry.swift */,
				F49884B62904E98900E99E55 /* ToolTypes.swift */,
			);
			path = SS1;
			sourceTree = "<group>";
		};
		F4991CEA2900BC940042E1DC /* Frameworks */ = {
			isa = PBXGroup;
			children = (
				F49884B12904DB7F00E99E55 /* libss_notebook_format_c_api.a */,
				F49884B32904DB9000E99E55 /* libss_notebook_format_c_api.a */,
				F49884BA2904FC2A00E99E55 /* libss_notebook_format_c_api.a */,
				F4991CED2900BCA20042E1DC /* libsubscript_app_rs.a */,
				F4991CEB2900BC940042E1DC /* libsubscript_app_rs.a */,
			);
			name = Frameworks;
			sourceTree = "<group>";
		};
		F4991D032900DBE00042E1DC /* FFI */ = {
			isa = PBXGroup;
			children = (
				F42422C529051CBA003FE378 /* MacOS */,
				F42422C429051CB5003FE378 /* IOS */,
				F4991D002900CA6B0042E1DC /* FFI.swift */,
				F49884B52904DC9000E99E55 /* ss-notebook-format.h */,
			);
			path = FFI;
			sourceTree = "<group>";
		};
		F4991D0D2900E48B0042E1DC /* UI */ = {
			isa = PBXGroup;
			children = (
				F4991D0E2900E4980042E1DC /* UI.swift */,
				F4FCB7332904744E00D50CE4 /* UI+LL.swift */,
				F4AE2F52290343B000F897D7 /* UI+Hacks.swift */,
				F4FCB73C290478D000D50CE4 /* UI+ColorTypes.swift */,
				F4991CA82900AD060042E1DC /* SwiftUIWrapper.swift */,
				F4AE2F55290381D500F897D7 /* SwiftUITheme.swift */,
			);
			path = UI;
			sourceTree = "<group>";
		};
		F4991D1E2901C5A60042E1DC /* Foundation */ = {
			isa = PBXGroup;
			children = (
				F4991C932900AD060042E1DC /* LinearAlgebraExts.swift */,
				F4991C9E2900AD060042E1DC /* OptionalExts.swift */,
				F4991C9A2900AD060042E1DC /* StringExts.swift */,
				F4991C992900AD060042E1DC /* URLExts.swift */,
				F4991C982900AD060042E1DC /* IntExts.swift */,
				F4991C972900AD060042E1DC /* ResultExts.swift */,
				F4991C952900AD060042E1DC /* ArrayExts.swift */,
			);
			path = Foundation;
			sourceTree = "<group>";
		};
		F4991D1F2901C5AD0042E1DC /* CoreGraphics */ = {
			isa = PBXGroup;
			children = (
				F4991C9C2900AD060042E1DC /* CGFloatExts.swift */,
				F4991C9B2900AD060042E1DC /* CGPointExts.swift */,
			);
			path = CoreGraphics;
			sourceTree = "<group>";
		};
		F4991D202901C5C90042E1DC /* UIKit */ = {
			isa = PBXGroup;
			children = (
				F4991C9D2900AD060042E1DC /* UIFontExts.swift */,
			);
			path = UIKit;
			sourceTree = "<group>";
		};
		F4991D212901C5D10042E1DC /* AppKit */ = {
			isa = PBXGroup;
			children = (
				F4991CF32900C7E70042E1DC /* NSEvent.swift */,
			);
			path = AppKit;
			sourceTree = "<group>";
		};
		F4991D252901C75F0042E1DC /* ViewExts */ = {
			isa = PBXGroup;
			children = (
				F4991CA62900AD060042E1DC /* Theme.swift */,
				F4991CA52900AD060042E1DC /* Border.swift */,
			);
			path = ViewExts;
			sourceTree = "<group>";
		};
		F4991D352902512E0042E1DC /* PageEntry */ = {
			isa = PBXGroup;
			children = (
				F4991D362902513B0042E1DC /* Heading.swift */,
			);
			path = PageEntry;
			sourceTree = "<group>";
		};
		F4AE2F462903277B00F897D7 /* Toolbar */ = {
			isa = PBXGroup;
			children = (
				F4AE2F4C29032D5C00F897D7 /* PenListEditor.swift */,
				F4AE2F582903C77C00F897D7 /* ColorEditor.swift */,
			);
			path = Toolbar;
			sourceTree = "<group>";
		};
/* End PBXGroup section */

/* Begin PBXNativeTarget section */
		F4991C4D2900ABC40042E1DC /* SubScript (iOS) */ = {
			isa = PBXNativeTarget;
			buildConfigurationList = F4991C642900ABC40042E1DC /* Build configuration list for PBXNativeTarget "SubScript (iOS)" */;
			buildPhases = (
				F4991C4A2900ABC40042E1DC /* Sources */,
				F4991C4B2900ABC40042E1DC /* Frameworks */,
				F4991C4C2900ABC40042E1DC /* Resources */,
			);
			buildRules = (
			);
			dependencies = (
			);
			name = "SubScript (iOS)";
			productName = "SubScript (iOS)";
			productReference = F4991C4E2900ABC40042E1DC /* SubScript.app */;
			productType = "com.apple.product-type.application";
		};
		F4991C552900ABC40042E1DC /* SubScript (macOS) */ = {
			isa = PBXNativeTarget;
			buildConfigurationList = F4991C672900ABC40042E1DC /* Build configuration list for PBXNativeTarget "SubScript (macOS)" */;
			buildPhases = (
				F4991C522900ABC40042E1DC /* Sources */,
				F4991C532900ABC40042E1DC /* Frameworks */,
				F4991C542900ABC40042E1DC /* Resources */,
			);
			buildRules = (
			);
			dependencies = (
			);
			name = "SubScript (macOS)";
			packageProductDependencies = (
				F4BF121829063C9B00C2E661 /* Atomics */,
			);
			productName = "SubScript (macOS)";
			productReference = F4991C562900ABC40042E1DC /* SubScript.app */;
			productType = "com.apple.product-type.application";
		};
/* End PBXNativeTarget section */

/* Begin PBXProject section */
		F4991C412900ABBF0042E1DC /* Project object */ = {
			isa = PBXProject;
			attributes = {
				BuildIndependentTargetsInParallel = 1;
				LastSwiftUpdateCheck = 1320;
				LastUpgradeCheck = 1320;
				TargetAttributes = {
					F4991C4D2900ABC40042E1DC = {
						CreatedOnToolsVersion = 13.2.1;
					};
					F4991C552900ABC40042E1DC = {
						CreatedOnToolsVersion = 13.2.1;
					};
				};
			};
			buildConfigurationList = F4991C442900ABBF0042E1DC /* Build configuration list for PBXProject "SubScript" */;
			compatibilityVersion = "Xcode 13.0";
			developmentRegion = en;
			hasScannedForEncodings = 0;
			knownRegions = (
				en,
				Base,
			);
			mainGroup = F4991C402900ABBF0042E1DC;
			packageReferences = (
				F4BF121729063C9B00C2E661 /* XCRemoteSwiftPackageReference "swift-atomics" */,
			);
			productRefGroup = F4991C4F2900ABC40042E1DC /* Products */;
			projectDirPath = "";
			projectRoot = "";
			targets = (
				F4991C4D2900ABC40042E1DC /* SubScript (iOS) */,
				F4991C552900ABC40042E1DC /* SubScript (macOS) */,
			);
		};
/* End PBXProject section */

/* Begin PBXResourcesBuildPhase section */
		F4991C4C2900ABC40042E1DC /* Resources */ = {
			isa = PBXResourcesBuildPhase;
			buildActionMask = 2147483647;
			files = (
				F4991C602900ABC40042E1DC /* Assets.xcassets in Resources */,
			);
			runOnlyForDeploymentPostprocessing = 0;
		};
		F4991C542900ABC40042E1DC /* Resources */ = {
			isa = PBXResourcesBuildPhase;
			buildActionMask = 2147483647;
			files = (
				F4991C612900ABC40042E1DC /* Assets.xcassets in Resources */,
			);
			runOnlyForDeploymentPostprocessing = 0;
		};
/* End PBXResourcesBuildPhase section */

/* Begin PBXSourcesBuildPhase section */
		F4991C4A2900ABC40042E1DC /* Sources */ = {
			isa = PBXSourcesBuildPhase;
			buildActionMask = 2147483647;
			files = (
				F4991D372902513C0042E1DC /* Heading.swift in Sources */,
				F4991D15290115640042E1DC /* Pen.swift in Sources */,
				F4991CBD2900AD060042E1DC /* CGPointExts.swift in Sources */,
				F49884B72904E98900E99E55 /* ToolTypes.swift in Sources */,
				F4AE2F53290343B000F897D7 /* UI+Hacks.swift in Sources */,
				F4991CB52900AD060042E1DC /* ResultExts.swift in Sources */,
				F4991D2D2901D7BD0042E1DC /* UI+DefaultColors.swift in Sources */,
				F4991CB72900AD060042E1DC /* IntExts.swift in Sources */,
				F4991C5C2900ABC40042E1DC /* SubScriptDocument.swift in Sources */,
				F4991CD52900AD060042E1DC /* SwiftUIWrapper.swift in Sources */,
				F4991CDF2900AEC30042E1DC /* SS1.swift in Sources */,
				F4991CE22900B1390042E1DC /* Canvas.swift in Sources */,
				F4991CAF2900AD060042E1DC /* LinearAlgebraExts.swift in Sources */,
				F4991CD32900AD060042E1DC /* ShapeExts.swift in Sources */,
				F4991CB12900AD060042E1DC /* ArrayExts.swift in Sources */,
				F4991C8E2900ACFB0042E1DC /* Main.swift in Sources */,
				F4991CCF2900AD060042E1DC /* Border.swift in Sources */,
				F4991CC32900AD060042E1DC /* OptionalExts.swift in Sources */,
				F4991CF42900C7E70042E1DC /* NSEvent.swift in Sources */,
				F4991CAD2900AD060042E1DC /* SwiftUIUtils.swift in Sources */,
				F4991D332901EDFF0042E1DC /* PageEntry.swift in Sources */,
				F4991D0F2900E4980042E1DC /* UI.swift in Sources */,
				F4FCB7342904744E00D50CE4 /* UI+LL.swift in Sources */,
				F4991D18290124DA0042E1DC /* Settings.swift in Sources */,
				F4991CBF2900AD060042E1DC /* CGFloatExts.swift in Sources */,
				F4991CC92900AD060042E1DC /* CustomScroller.swift in Sources */,
				F4991CCB2900AD060042E1DC /* BindingExts.swift in Sources */,
				F4991D302901E41F0042E1DC /* Page.swift in Sources */,
				F4991D232901C6B90042E1DC /* ViewExts.swift in Sources */,
				F4AE2F56290381D500F897D7 /* SwiftUITheme.swift in Sources */,
				F4991CB92900AD060042E1DC /* URLExts.swift in Sources */,
				F4991D272901C89E0042E1DC /* Buttons.swift in Sources */,
				F42422CD29052212003FE378 /* SwiftDev.swift in Sources */,
				F4991D012900CA6B0042E1DC /* FFI.swift in Sources */,
				F4991CD12900AD060042E1DC /* Theme.swift in Sources */,
				F4AE2F4D29032D5C00F897D7 /* PenListEditor.swift in Sources */,
				F4FCB73D290478D000D50CE4 /* UI+ColorTypes.swift in Sources */,
				F4991D12290115320042E1DC /* Toolbar.swift in Sources */,
				F4AE2F592903C77C00F897D7 /* ColorEditor.swift in Sources */,
				F4991CDB2900AD060042E1DC /* CodableColor.swift in Sources */,
				F4991CD92900AD060042E1DC /* MathUtil.swift in Sources */,
				F4991CC12900AD060042E1DC /* UIFontExts.swift in Sources */,
				F4991CBB2900AD060042E1DC /* StringExts.swift in Sources */,
			);
			runOnlyForDeploymentPostprocessing = 0;
		};
		F4991C522900ABC40042E1DC /* Sources */ = {
			isa = PBXSourcesBuildPhase;
			buildActionMask = 2147483647;
			files = (
				F4991D382902513C0042E1DC /* Heading.swift in Sources */,
				F4991D16290115640042E1DC /* Pen.swift in Sources */,
				F4991CBE2900AD060042E1DC /* CGPointExts.swift in Sources */,
				F49884B82904E98900E99E55 /* ToolTypes.swift in Sources */,
				F4AE2F54290343B000F897D7 /* UI+Hacks.swift in Sources */,
				F4991CB62900AD060042E1DC /* ResultExts.swift in Sources */,
				F4991D2E2901D7BD0042E1DC /* UI+DefaultColors.swift in Sources */,
				F4991CB82900AD060042E1DC /* IntExts.swift in Sources */,
				F4991C5D2900ABC40042E1DC /* SubScriptDocument.swift in Sources */,
				F4991CD62900AD060042E1DC /* SwiftUIWrapper.swift in Sources */,
				F4991CE02900AEC30042E1DC /* SS1.swift in Sources */,
				F4991CE32900B1390042E1DC /* Canvas.swift in Sources */,
				F4991CB02900AD060042E1DC /* LinearAlgebraExts.swift in Sources */,
				F4991CD42900AD060042E1DC /* ShapeExts.swift in Sources */,
				F4991CB22900AD060042E1DC /* ArrayExts.swift in Sources */,
				F4991C8F2900ACFB0042E1DC /* Main.swift in Sources */,
				F4991CD02900AD060042E1DC /* Border.swift in Sources */,
				F4991CC42900AD060042E1DC /* OptionalExts.swift in Sources */,
				F4991CF52900C7E70042E1DC /* NSEvent.swift in Sources */,
				F4991CAE2900AD060042E1DC /* SwiftUIUtils.swift in Sources */,
				F4991D342901EDFF0042E1DC /* PageEntry.swift in Sources */,
				F4991D102900E4980042E1DC /* UI.swift in Sources */,
				F4FCB7352904744E00D50CE4 /* UI+LL.swift in Sources */,
				F4991D19290124DA0042E1DC /* Settings.swift in Sources */,
				F4991CC02900AD060042E1DC /* CGFloatExts.swift in Sources */,
				F4991CCA2900AD060042E1DC /* CustomScroller.swift in Sources */,
				F4991CCC2900AD060042E1DC /* BindingExts.swift in Sources */,
				F4991D312901E41F0042E1DC /* Page.swift in Sources */,
				F4991D242901C6B90042E1DC /* ViewExts.swift in Sources */,
				F4AE2F57290381D500F897D7 /* SwiftUITheme.swift in Sources */,
				F4991CBA2900AD060042E1DC /* URLExts.swift in Sources */,
				F4991D282901C89E0042E1DC /* Buttons.swift in Sources */,
				F42422CE29052212003FE378 /* SwiftDev.swift in Sources */,
				F4991D022900CA6B0042E1DC /* FFI.swift in Sources */,
				F4991CD22900AD060042E1DC /* Theme.swift in Sources */,
				F4AE2F4E29032D5C00F897D7 /* PenListEditor.swift in Sources */,
				F4FCB73E290478D000D50CE4 /* UI+ColorTypes.swift in Sources */,
				F4991D13290115320042E1DC /* Toolbar.swift in Sources */,
				F4AE2F5A2903C77C00F897D7 /* ColorEditor.swift in Sources */,
				F4991CDC2900AD060042E1DC /* CodableColor.swift in Sources */,
				F4991CDA2900AD060042E1DC /* MathUtil.swift in Sources */,
				F4991CC22900AD060042E1DC /* UIFontExts.swift in Sources */,
				F4991CBC2900AD060042E1DC /* StringExts.swift in Sources */,
			);
			runOnlyForDeploymentPostprocessing = 0;
		};
/* End PBXSourcesBuildPhase section */

/* Begin XCBuildConfiguration section */
		F4991C622900ABC40042E1DC /* Debug */ = {
			isa = XCBuildConfiguration;
			buildSettings = {
				ALWAYS_SEARCH_USER_PATHS = NO;
				CLANG_ANALYZER_NONNULL = YES;
				CLANG_ANALYZER_NUMBER_OBJECT_CONVERSION = YES_AGGRESSIVE;
				CLANG_CXX_LANGUAGE_STANDARD = "gnu++17";
				CLANG_CXX_LIBRARY = "libc++";
				CLANG_ENABLE_MODULES = YES;
				CLANG_ENABLE_OBJC_ARC = YES;
				CLANG_ENABLE_OBJC_WEAK = YES;
				CLANG_WARN_BLOCK_CAPTURE_AUTORELEASING = YES;
				CLANG_WARN_BOOL_CONVERSION = YES;
				CLANG_WARN_COMMA = YES;
				CLANG_WARN_CONSTANT_CONVERSION = YES;
				CLANG_WARN_DEPRECATED_OBJC_IMPLEMENTATIONS = YES;
				CLANG_WARN_DIRECT_OBJC_ISA_USAGE = YES_ERROR;
				CLANG_WARN_DOCUMENTATION_COMMENTS = YES;
				CLANG_WARN_EMPTY_BODY = YES;
				CLANG_WARN_ENUM_CONVERSION = YES;
				CLANG_WARN_INFINITE_RECURSION = YES;
				CLANG_WARN_INT_CONVERSION = YES;
				CLANG_WARN_NON_LITERAL_NULL_CONVERSION = YES;
				CLANG_WARN_OBJC_IMPLICIT_RETAIN_SELF = YES;
				CLANG_WARN_OBJC_LITERAL_CONVERSION = YES;
				CLANG_WARN_OBJC_ROOT_CLASS = YES_ERROR;
				CLANG_WARN_QUOTED_INCLUDE_IN_FRAMEWORK_HEADER = YES;
				CLANG_WARN_RANGE_LOOP_ANALYSIS = YES;
				CLANG_WARN_STRICT_PROTOTYPES = YES;
				CLANG_WARN_SUSPICIOUS_MOVE = YES;
				CLANG_WARN_UNGUARDED_AVAILABILITY = YES_AGGRESSIVE;
				CLANG_WARN_UNREACHABLE_CODE = YES;
				CLANG_WARN__DUPLICATE_METHOD_MATCH = YES;
				COPY_PHASE_STRIP = NO;
				DEBUG_INFORMATION_FORMAT = dwarf;
				ENABLE_STRICT_OBJC_MSGSEND = YES;
				ENABLE_TESTABILITY = YES;
				GCC_C_LANGUAGE_STANDARD = gnu11;
				GCC_DYNAMIC_NO_PIC = NO;
				GCC_NO_COMMON_BLOCKS = YES;
				GCC_OPTIMIZATION_LEVEL = 0;
				GCC_PREPROCESSOR_DEFINITIONS = (
					"DEBUG=1",
					"$(inherited)",
				);
				GCC_WARN_64_TO_32_BIT_CONVERSION = YES;
				GCC_WARN_ABOUT_RETURN_TYPE = YES_ERROR;
				GCC_WARN_UNDECLARED_SELECTOR = YES;
				GCC_WARN_UNINITIALIZED_AUTOS = YES_AGGRESSIVE;
				GCC_WARN_UNUSED_FUNCTION = YES;
				GCC_WARN_UNUSED_VARIABLE = YES;
				MTL_ENABLE_DEBUG_INFO = INCLUDE_SOURCE;
				MTL_FAST_MATH = YES;
				ONLY_ACTIVE_ARCH = YES;
				SWIFT_ACTIVE_COMPILATION_CONDITIONS = DEBUG;
				SWIFT_OPTIMIZATION_LEVEL = "-Onone";
			};
			name = Debug;
		};
		F4991C632900ABC40042E1DC /* Release */ = {
			isa = XCBuildConfiguration;
			buildSettings = {
				ALWAYS_SEARCH_USER_PATHS = NO;
				CLANG_ANALYZER_NONNULL = YES;
				CLANG_ANALYZER_NUMBER_OBJECT_CONVERSION = YES_AGGRESSIVE;
				CLANG_CXX_LANGUAGE_STANDARD = "gnu++17";
				CLANG_CXX_LIBRARY = "libc++";
				CLANG_ENABLE_MODULES = YES;
				CLANG_ENABLE_OBJC_ARC = YES;
				CLANG_ENABLE_OBJC_WEAK = YES;
				CLANG_WARN_BLOCK_CAPTURE_AUTORELEASING = YES;
				CLANG_WARN_BOOL_CONVERSION = YES;
				CLANG_WARN_COMMA = YES;
				CLANG_WARN_CONSTANT_CONVERSION = YES;
				CLANG_WARN_DEPRECATED_OBJC_IMPLEMENTATIONS = YES;
				CLANG_WARN_DIRECT_OBJC_ISA_USAGE = YES_ERROR;
				CLANG_WARN_DOCUMENTATION_COMMENTS = YES;
				CLANG_WARN_EMPTY_BODY = YES;
				CLANG_WARN_ENUM_CONVERSION = YES;
				CLANG_WARN_INFINITE_RECURSION = YES;
				CLANG_WARN_INT_CONVERSION = YES;
				CLANG_WARN_NON_LITERAL_NULL_CONVERSION = YES;
				CLANG_WARN_OBJC_IMPLICIT_RETAIN_SELF = YES;
				CLANG_WARN_OBJC_LITERAL_CONVERSION = YES;
				CLANG_WARN_OBJC_ROOT_CLASS = YES_ERROR;
				CLANG_WARN_QUOTED_INCLUDE_IN_FRAMEWORK_HEADER = YES;
				CLANG_WARN_RANGE_LOOP_ANALYSIS = YES;
				CLANG_WARN_STRICT_PROTOTYPES = YES;
				CLANG_WARN_SUSPICIOUS_MOVE = YES;
				CLANG_WARN_UNGUARDED_AVAILABILITY = YES_AGGRESSIVE;
				CLANG_WARN_UNREACHABLE_CODE = YES;
				CLANG_WARN__DUPLICATE_METHOD_MATCH = YES;
				COPY_PHASE_STRIP = NO;
				DEBUG_INFORMATION_FORMAT = "dwarf-with-dsym";
				ENABLE_NS_ASSERTIONS = NO;
				ENABLE_STRICT_OBJC_MSGSEND = YES;
				GCC_C_LANGUAGE_STANDARD = gnu11;
				GCC_NO_COMMON_BLOCKS = YES;
				GCC_WARN_64_TO_32_BIT_CONVERSION = YES;
				GCC_WARN_ABOUT_RETURN_TYPE = YES_ERROR;
				GCC_WARN_UNDECLARED_SELECTOR = YES;
				GCC_WARN_UNINITIALIZED_AUTOS = YES_AGGRESSIVE;
				GCC_WARN_UNUSED_FUNCTION = YES;
				GCC_WARN_UNUSED_VARIABLE = YES;
				MTL_ENABLE_DEBUG_INFO = NO;
				MTL_FAST_MATH = YES;
				SWIFT_COMPILATION_MODE = wholemodule;
				SWIFT_OPTIMIZATION_LEVEL = "-O";
			};
			name = Release;
		};
		F4991C652900ABC40042E1DC /* Debug */ = {
			isa = XCBuildConfiguration;
			buildSettings = {
				ASSETCATALOG_COMPILER_APPICON_NAME = AppIcon;
				ASSETCATALOG_COMPILER_GLOBAL_ACCENT_COLOR_NAME = AccentColor;
				CODE_SIGN_ENTITLEMENTS = "iOS/SubScript (iOS).entitlements";
				CODE_SIGN_STYLE = Automatic;
				CURRENT_PROJECT_VERSION = 1;
				DEVELOPMENT_TEAM = CV5FXG5P92;
				ENABLE_BITCODE = NO;
				ENABLE_PREVIEWS = YES;
				GENERATE_INFOPLIST_FILE = YES;
				HEADER_SEARCH_PATHS = "$(SRCROOT)/ffi";
				INFOPLIST_FILE = iOS/Info.plist;
				INFOPLIST_KEY_LSSupportsOpeningDocumentsInPlace = YES;
				INFOPLIST_KEY_UIApplicationSceneManifest_Generation = YES;
				INFOPLIST_KEY_UIApplicationSupportsIndirectInputEvents = YES;
				INFOPLIST_KEY_UILaunchScreen_Generation = YES;
				INFOPLIST_KEY_UISupportedInterfaceOrientations_iPad = "UIInterfaceOrientationPortrait UIInterfaceOrientationPortraitUpsideDown UIInterfaceOrientationLandscapeLeft UIInterfaceOrientationLandscapeRight";
				INFOPLIST_KEY_UISupportedInterfaceOrientations_iPhone = "UIInterfaceOrientationPortrait UIInterfaceOrientationLandscapeLeft UIInterfaceOrientationLandscapeRight";
				INFOPLIST_KEY_UISupportsDocumentBrowser = YES;
				IPHONEOS_DEPLOYMENT_TARGET = 14.7;
				LD_RUNPATH_SEARCH_PATHS = (
					"$(inherited)",
					"@executable_path/Frameworks",
				);
				LIBRARY_SEARCH_PATHS = "$(SRCROOT)/ffi/IOS//lib";
				MARKETING_VERSION = 1.0;
				OTHER_LDFLAGS = "-lc++";
				PRODUCT_BUNDLE_IDENTIFIER = app.dev.subscript.SubScript;
				PRODUCT_NAME = SubScript;
				SDKROOT = iphoneos;
				SUPPORTS_MACCATALYST = YES;
				SWIFT_EMIT_LOC_STRINGS = YES;
				SWIFT_OBJC_BRIDGING_HEADER = "$(SRCROOT)/Source/FFI/IOS/FFI.h";
				SWIFT_VERSION = 5.0;
				TARGETED_DEVICE_FAMILY = 2;
			};
			name = Debug;
		};
		F4991C662900ABC40042E1DC /* Release */ = {
			isa = XCBuildConfiguration;
			buildSettings = {
				ASSETCATALOG_COMPILER_APPICON_NAME = AppIcon;
				ASSETCATALOG_COMPILER_GLOBAL_ACCENT_COLOR_NAME = AccentColor;
				CODE_SIGN_ENTITLEMENTS = "iOS/SubScript (iOS).entitlements";
				CODE_SIGN_STYLE = Automatic;
				CURRENT_PROJECT_VERSION = 1;
				DEVELOPMENT_TEAM = CV5FXG5P92;
				ENABLE_BITCODE = NO;
				ENABLE_PREVIEWS = YES;
				GENERATE_INFOPLIST_FILE = YES;
				HEADER_SEARCH_PATHS = "$(SRCROOT)/ffi";
				INFOPLIST_FILE = iOS/Info.plist;
				INFOPLIST_KEY_LSSupportsOpeningDocumentsInPlace = YES;
				INFOPLIST_KEY_UIApplicationSceneManifest_Generation = YES;
				INFOPLIST_KEY_UIApplicationSupportsIndirectInputEvents = YES;
				INFOPLIST_KEY_UILaunchScreen_Generation = YES;
				INFOPLIST_KEY_UISupportedInterfaceOrientations_iPad = "UIInterfaceOrientationPortrait UIInterfaceOrientationPortraitUpsideDown UIInterfaceOrientationLandscapeLeft UIInterfaceOrientationLandscapeRight";
				INFOPLIST_KEY_UISupportedInterfaceOrientations_iPhone = "UIInterfaceOrientationPortrait UIInterfaceOrientationLandscapeLeft UIInterfaceOrientationLandscapeRight";
				INFOPLIST_KEY_UISupportsDocumentBrowser = YES;
				IPHONEOS_DEPLOYMENT_TARGET = 14.7;
				LD_RUNPATH_SEARCH_PATHS = (
					"$(inherited)",
					"@executable_path/Frameworks",
				);
				LIBRARY_SEARCH_PATHS = "$(SRCROOT)/ffi/IOS//lib";
				MARKETING_VERSION = 1.0;
				ONLY_ACTIVE_ARCH = YES;
				OTHER_LDFLAGS = "-lc++";
				PRODUCT_BUNDLE_IDENTIFIER = app.dev.subscript.SubScript;
				PRODUCT_NAME = SubScript;
				SDKROOT = iphoneos;
				SUPPORTS_MACCATALYST = YES;
				SWIFT_EMIT_LOC_STRINGS = YES;
				SWIFT_OBJC_BRIDGING_HEADER = "$(SRCROOT)/Source/FFI/IOS/FFI.h";
				SWIFT_VERSION = 5.0;
				TARGETED_DEVICE_FAMILY = 2;
				VALIDATE_PRODUCT = YES;
			};
			name = Release;
		};
		F4991C682900ABC40042E1DC /* Debug */ = {
			isa = XCBuildConfiguration;
			buildSettings = {
				ASSETCATALOG_COMPILER_APPICON_NAME = AppIcon;
				ASSETCATALOG_COMPILER_GLOBAL_ACCENT_COLOR_NAME = AccentColor;
				CODE_SIGN_ENTITLEMENTS = macOS/macOS.entitlements;
				CODE_SIGN_STYLE = Automatic;
				COMBINE_HIDPI_IMAGES = YES;
				CURRENT_PROJECT_VERSION = 1;
				DEVELOPMENT_TEAM = CV5FXG5P92;
				ENABLE_HARDENED_RUNTIME = YES;
				ENABLE_PREVIEWS = YES;
				GENERATE_INFOPLIST_FILE = YES;
				HEADER_SEARCH_PATHS = "$(SRCROOT)/ffi";
				"HEADER_SEARCH_PATHS[arch=*]" = "$(SRCROOT)/ffi/include";
				INFOPLIST_FILE = macOS/Info.plist;
				INFOPLIST_KEY_NSHumanReadableCopyright = "";
				LD_RUNPATH_SEARCH_PATHS = (
					"$(inherited)",
					"@executable_path/../Frameworks",
				);
				LIBRARY_SEARCH_PATHS = "$(SRCROOT)/ffi/MacOS/lib";
				MACOSX_DEPLOYMENT_TARGET = 11.6;
				MARKETING_VERSION = 1.0;
				OTHER_LDFLAGS = "-lc++";
				PRODUCT_BUNDLE_IDENTIFIER = app.subscript.SubScript;
				PRODUCT_NAME = SubScript;
				SDKROOT = macosx;
				SWIFT_EMIT_LOC_STRINGS = YES;
				SWIFT_OBJC_BRIDGING_HEADER = "$(SRCROOT)/Source/FFI/MacOS/FFI.h";
				SWIFT_VERSION = 5.0;
			};
			name = Debug;
		};
		F4991C692900ABC40042E1DC /* Release */ = {
			isa = XCBuildConfiguration;
			buildSettings = {
				ASSETCATALOG_COMPILER_APPICON_NAME = AppIcon;
				ASSETCATALOG_COMPILER_GLOBAL_ACCENT_COLOR_NAME = AccentColor;
				CODE_SIGN_ENTITLEMENTS = macOS/macOS.entitlements;
				CODE_SIGN_STYLE = Automatic;
				COMBINE_HIDPI_IMAGES = YES;
				CURRENT_PROJECT_VERSION = 1;
				DEVELOPMENT_TEAM = CV5FXG5P92;
				ENABLE_HARDENED_RUNTIME = YES;
				ENABLE_PREVIEWS = YES;
				GCC_OPTIMIZATION_LEVEL = fast;
				GENERATE_INFOPLIST_FILE = YES;
				HEADER_SEARCH_PATHS = "$(SRCROOT)/ffi";
				INFOPLIST_FILE = macOS/Info.plist;
				INFOPLIST_KEY_NSHumanReadableCopyright = "";
				LD_RUNPATH_SEARCH_PATHS = (
					"$(inherited)",
					"@executable_path/../Frameworks",
				);
				LIBRARY_SEARCH_PATHS = "$(SRCROOT)/ffi/MacOS/lib";
				MACOSX_DEPLOYMENT_TARGET = 11.6;
				MARKETING_VERSION = 1.0;
				ONLY_ACTIVE_ARCH = YES;
				OTHER_LDFLAGS = "-lc++";
				PRODUCT_BUNDLE_IDENTIFIER = app.subscript.SubScript;
				PRODUCT_NAME = SubScript;
				SDKROOT = macosx;
				SWIFT_EMIT_LOC_STRINGS = YES;
				SWIFT_OBJC_BRIDGING_HEADER = "$(SRCROOT)/Source/FFI/MacOS/FFI.h";
				SWIFT_VERSION = 5.0;
			};
			name = Release;
		};
/* End XCBuildConfiguration section */

/* Begin XCConfigurationList section */
		F4991C442900ABBF0042E1DC /* Build configuration list for PBXProject "SubScript" */ = {
			isa = XCConfigurationList;
			buildConfigurations = (
				F4991C622900ABC40042E1DC /* Debug */,
				F4991C632900ABC40042E1DC /* Release */,
			);
			defaultConfigurationIsVisible = 0;
			defaultConfigurationName = Release;
		};
		F4991C642900ABC40042E1DC /* Build configuration list for PBXNativeTarget "SubScript (iOS)" */ = {
			isa = XCConfigurationList;
			buildConfigurations = (
				F4991C652900ABC40042E1DC /* Debug */,
				F4991C662900ABC40042E1DC /* Release */,
			);
			defaultConfigurationIsVisible = 0;
			defaultConfigurationName = Release;
		};
		F4991C672900ABC40042E1DC /* Build configuration list for PBXNativeTarget "SubScript (macOS)" */ = {
			isa = XCConfigurationList;
			buildConfigurations = (
				F4991C682900ABC40042E1DC /* Debug */,
				F4991C692900ABC40042E1DC /* Release */,
			);
			defaultConfigurationIsVisible = 0;
			defaultConfigurationName = Release;
		};
/* End XCConfigurationList section */

/* Begin XCRemoteSwiftPackageReference section */
		F4BF121729063C9B00C2E661 /* XCRemoteSwiftPackageReference "swift-atomics" */ = {
			isa = XCRemoteSwiftPackageReference;
			repositoryURL = "https://github.com/apple/swift-atomics.git";
			requirement = {
				kind = upToNextMajorVersion;
				minimumVersion = 1.0.0;
			};
		};
/* End XCRemoteSwiftPackageReference section */

/* Begin XCSwiftPackageProductDependency section */
		F4BF121829063C9B00C2E661 /* Atomics */ = {
			isa = XCSwiftPackageProductDependency;
			package = F4BF121729063C9B00C2E661 /* XCRemoteSwiftPackageReference "swift-atomics" */;
			productName = Atomics;
		};
/* End XCSwiftPackageProductDependency section */
	};
	rootObject = F4991C412900ABBF0042E1DC /* Project object */;
}
