// !$*UTF8*$!
{
	archiveVersion = 1;
	classes = {
	};
	objectVersion = 55;
	objects = {

/* Begin PBXBuildFile section */
		F485ECA328E57203006E69BD /* SubscriptDrawApp.swift in Sources */ = {isa = PBXBuildFile; fileRef = F485ECA228E57203006E69BD /* SubscriptDrawApp.swift */; };
		F485ECA528E57203006E69BD /* ContentView.swift in Sources */ = {isa = PBXBuildFile; fileRef = F485ECA428E57203006E69BD /* ContentView.swift */; };
		F485ECA728E57205006E69BD /* Assets.xcassets in Resources */ = {isa = PBXBuildFile; fileRef = F485ECA628E57205006E69BD /* Assets.xcassets */; };
		F485ECAA28E57205006E69BD /* Preview Assets.xcassets in Resources */ = {isa = PBXBuildFile; fileRef = F485ECA928E57205006E69BD /* Preview Assets.xcassets */; };
		F485ECAC28E57205006E69BD /* Persistence.swift in Sources */ = {isa = PBXBuildFile; fileRef = F485ECAB28E57205006E69BD /* Persistence.swift */; };
		F485ECAF28E57205006E69BD /* SubscriptDraw.xcdatamodeld in Sources */ = {isa = PBXBuildFile; fileRef = F485ECAD28E57205006E69BD /* SubscriptDraw.xcdatamodeld */; };
		F485ECB928E57205006E69BD /* SubscriptDrawTests.swift in Sources */ = {isa = PBXBuildFile; fileRef = F485ECB828E57205006E69BD /* SubscriptDrawTests.swift */; };
		F485ECC328E57205006E69BD /* SubscriptDrawUITests.swift in Sources */ = {isa = PBXBuildFile; fileRef = F485ECC228E57205006E69BD /* SubscriptDrawUITests.swift */; };
		F485ECC528E57205006E69BD /* SubscriptDrawUITestsLaunchTests.swift in Sources */ = {isa = PBXBuildFile; fileRef = F485ECC428E57205006E69BD /* SubscriptDrawUITestsLaunchTests.swift */; };
		F485ECD428E57375006E69BD /* Main.swift in Sources */ = {isa = PBXBuildFile; fileRef = F485ECD328E57375006E69BD /* Main.swift */; };
/* End PBXBuildFile section */

/* Begin PBXContainerItemProxy section */
		F485ECB528E57205006E69BD /* PBXContainerItemProxy */ = {
			isa = PBXContainerItemProxy;
			containerPortal = F485EC9728E57203006E69BD /* Project object */;
			proxyType = 1;
			remoteGlobalIDString = F485EC9E28E57203006E69BD;
			remoteInfo = SubscriptDraw;
		};
		F485ECBF28E57205006E69BD /* PBXContainerItemProxy */ = {
			isa = PBXContainerItemProxy;
			containerPortal = F485EC9728E57203006E69BD /* Project object */;
			proxyType = 1;
			remoteGlobalIDString = F485EC9E28E57203006E69BD;
			remoteInfo = SubscriptDraw;
		};
/* End PBXContainerItemProxy section */

/* Begin PBXFileReference section */
		F485EC9F28E57203006E69BD /* SubscriptDraw.app */ = {isa = PBXFileReference; explicitFileType = wrapper.application; includeInIndex = 0; path = SubscriptDraw.app; sourceTree = BUILT_PRODUCTS_DIR; };
		F485ECA228E57203006E69BD /* SubscriptDrawApp.swift */ = {isa = PBXFileReference; lastKnownFileType = sourcecode.swift; path = SubscriptDrawApp.swift; sourceTree = "<group>"; };
		F485ECA428E57203006E69BD /* ContentView.swift */ = {isa = PBXFileReference; lastKnownFileType = sourcecode.swift; path = ContentView.swift; sourceTree = "<group>"; };
		F485ECA628E57205006E69BD /* Assets.xcassets */ = {isa = PBXFileReference; lastKnownFileType = folder.assetcatalog; path = Assets.xcassets; sourceTree = "<group>"; };
		F485ECA928E57205006E69BD /* Preview Assets.xcassets */ = {isa = PBXFileReference; lastKnownFileType = folder.assetcatalog; path = "Preview Assets.xcassets"; sourceTree = "<group>"; };
		F485ECAB28E57205006E69BD /* Persistence.swift */ = {isa = PBXFileReference; lastKnownFileType = sourcecode.swift; path = Persistence.swift; sourceTree = "<group>"; };
		F485ECAE28E57205006E69BD /* SubscriptDraw.xcdatamodel */ = {isa = PBXFileReference; lastKnownFileType = wrapper.xcdatamodel; path = SubscriptDraw.xcdatamodel; sourceTree = "<group>"; };
		F485ECB428E57205006E69BD /* SubscriptDrawTests.xctest */ = {isa = PBXFileReference; explicitFileType = wrapper.cfbundle; includeInIndex = 0; path = SubscriptDrawTests.xctest; sourceTree = BUILT_PRODUCTS_DIR; };
		F485ECB828E57205006E69BD /* SubscriptDrawTests.swift */ = {isa = PBXFileReference; lastKnownFileType = sourcecode.swift; path = SubscriptDrawTests.swift; sourceTree = "<group>"; };
		F485ECBE28E57205006E69BD /* SubscriptDrawUITests.xctest */ = {isa = PBXFileReference; explicitFileType = wrapper.cfbundle; includeInIndex = 0; path = SubscriptDrawUITests.xctest; sourceTree = BUILT_PRODUCTS_DIR; };
		F485ECC228E57205006E69BD /* SubscriptDrawUITests.swift */ = {isa = PBXFileReference; lastKnownFileType = sourcecode.swift; path = SubscriptDrawUITests.swift; sourceTree = "<group>"; };
		F485ECC428E57205006E69BD /* SubscriptDrawUITestsLaunchTests.swift */ = {isa = PBXFileReference; lastKnownFileType = sourcecode.swift; path = SubscriptDrawUITestsLaunchTests.swift; sourceTree = "<group>"; };
		F485ECD128E57219006E69BD /* SubscriptDraw.entitlements */ = {isa = PBXFileReference; lastKnownFileType = text.plist.entitlements; path = SubscriptDraw.entitlements; sourceTree = "<group>"; };
		F485ECD328E57375006E69BD /* Main.swift */ = {isa = PBXFileReference; lastKnownFileType = sourcecode.swift; path = Main.swift; sourceTree = "<group>"; };
/* End PBXFileReference section */

/* Begin PBXFrameworksBuildPhase section */
		F485EC9C28E57203006E69BD /* Frameworks */ = {
			isa = PBXFrameworksBuildPhase;
			buildActionMask = 2147483647;
			files = (
			);
			runOnlyForDeploymentPostprocessing = 0;
		};
		F485ECB128E57205006E69BD /* Frameworks */ = {
			isa = PBXFrameworksBuildPhase;
			buildActionMask = 2147483647;
			files = (
			);
			runOnlyForDeploymentPostprocessing = 0;
		};
		F485ECBB28E57205006E69BD /* Frameworks */ = {
			isa = PBXFrameworksBuildPhase;
			buildActionMask = 2147483647;
			files = (
			);
			runOnlyForDeploymentPostprocessing = 0;
		};
/* End PBXFrameworksBuildPhase section */

/* Begin PBXGroup section */
		F485EC9628E57203006E69BD = {
			isa = PBXGroup;
			children = (
				F485ECD228E5735B006E69BD /* Source */,
				F485ECA128E57203006E69BD /* SubscriptDraw */,
				F485ECB728E57205006E69BD /* SubscriptDrawTests */,
				F485ECC128E57205006E69BD /* SubscriptDrawUITests */,
				F485ECA028E57203006E69BD /* Products */,
			);
			sourceTree = "<group>";
		};
		F485ECA028E57203006E69BD /* Products */ = {
			isa = PBXGroup;
			children = (
				F485EC9F28E57203006E69BD /* SubscriptDraw.app */,
				F485ECB428E57205006E69BD /* SubscriptDrawTests.xctest */,
				F485ECBE28E57205006E69BD /* SubscriptDrawUITests.xctest */,
			);
			name = Products;
			sourceTree = "<group>";
		};
		F485ECA128E57203006E69BD /* SubscriptDraw */ = {
			isa = PBXGroup;
			children = (
				F485ECD128E57219006E69BD /* SubscriptDraw.entitlements */,
				F485ECA228E57203006E69BD /* SubscriptDrawApp.swift */,
				F485ECA428E57203006E69BD /* ContentView.swift */,
				F485ECA628E57205006E69BD /* Assets.xcassets */,
				F485ECAB28E57205006E69BD /* Persistence.swift */,
				F485ECAD28E57205006E69BD /* SubscriptDraw.xcdatamodeld */,
				F485ECA828E57205006E69BD /* Preview Content */,
			);
			path = SubscriptDraw;
			sourceTree = "<group>";
		};
		F485ECA828E57205006E69BD /* Preview Content */ = {
			isa = PBXGroup;
			children = (
				F485ECA928E57205006E69BD /* Preview Assets.xcassets */,
			);
			path = "Preview Content";
			sourceTree = "<group>";
		};
		F485ECB728E57205006E69BD /* SubscriptDrawTests */ = {
			isa = PBXGroup;
			children = (
				F485ECB828E57205006E69BD /* SubscriptDrawTests.swift */,
			);
			path = SubscriptDrawTests;
			sourceTree = "<group>";
		};
		F485ECC128E57205006E69BD /* SubscriptDrawUITests */ = {
			isa = PBXGroup;
			children = (
				F485ECC228E57205006E69BD /* SubscriptDrawUITests.swift */,
				F485ECC428E57205006E69BD /* SubscriptDrawUITestsLaunchTests.swift */,
			);
			path = SubscriptDrawUITests;
			sourceTree = "<group>";
		};
		F485ECD228E5735B006E69BD /* Source */ = {
			isa = PBXGroup;
			children = (
				F485ECD328E57375006E69BD /* Main.swift */,
			);
			path = Source;
			sourceTree = "<group>";
		};
/* End PBXGroup section */

/* Begin PBXNativeTarget section */
		F485EC9E28E57203006E69BD /* SubscriptDraw */ = {
			isa = PBXNativeTarget;
			buildConfigurationList = F485ECC828E57205006E69BD /* Build configuration list for PBXNativeTarget "SubscriptDraw" */;
			buildPhases = (
				F485EC9B28E57203006E69BD /* Sources */,
				F485EC9C28E57203006E69BD /* Frameworks */,
				F485EC9D28E57203006E69BD /* Resources */,
			);
			buildRules = (
			);
			dependencies = (
			);
			name = SubscriptDraw;
			productName = SubscriptDraw;
			productReference = F485EC9F28E57203006E69BD /* SubscriptDraw.app */;
			productType = "com.apple.product-type.application";
		};
		F485ECB328E57205006E69BD /* SubscriptDrawTests */ = {
			isa = PBXNativeTarget;
			buildConfigurationList = F485ECCB28E57205006E69BD /* Build configuration list for PBXNativeTarget "SubscriptDrawTests" */;
			buildPhases = (
				F485ECB028E57205006E69BD /* Sources */,
				F485ECB128E57205006E69BD /* Frameworks */,
				F485ECB228E57205006E69BD /* Resources */,
			);
			buildRules = (
			);
			dependencies = (
				F485ECB628E57205006E69BD /* PBXTargetDependency */,
			);
			name = SubscriptDrawTests;
			productName = SubscriptDrawTests;
			productReference = F485ECB428E57205006E69BD /* SubscriptDrawTests.xctest */;
			productType = "com.apple.product-type.bundle.unit-test";
		};
		F485ECBD28E57205006E69BD /* SubscriptDrawUITests */ = {
			isa = PBXNativeTarget;
			buildConfigurationList = F485ECCE28E57205006E69BD /* Build configuration list for PBXNativeTarget "SubscriptDrawUITests" */;
			buildPhases = (
				F485ECBA28E57205006E69BD /* Sources */,
				F485ECBB28E57205006E69BD /* Frameworks */,
				F485ECBC28E57205006E69BD /* Resources */,
			);
			buildRules = (
			);
			dependencies = (
				F485ECC028E57205006E69BD /* PBXTargetDependency */,
			);
			name = SubscriptDrawUITests;
			productName = SubscriptDrawUITests;
			productReference = F485ECBE28E57205006E69BD /* SubscriptDrawUITests.xctest */;
			productType = "com.apple.product-type.bundle.ui-testing";
		};
/* End PBXNativeTarget section */

/* Begin PBXProject section */
		F485EC9728E57203006E69BD /* Project object */ = {
			isa = PBXProject;
			attributes = {
				BuildIndependentTargetsInParallel = 1;
				LastSwiftUpdateCheck = 1320;
				LastUpgradeCheck = 1320;
				TargetAttributes = {
					F485EC9E28E57203006E69BD = {
						CreatedOnToolsVersion = 13.2.1;
					};
					F485ECB328E57205006E69BD = {
						CreatedOnToolsVersion = 13.2.1;
						TestTargetID = F485EC9E28E57203006E69BD;
					};
					F485ECBD28E57205006E69BD = {
						CreatedOnToolsVersion = 13.2.1;
						TestTargetID = F485EC9E28E57203006E69BD;
					};
				};
			};
			buildConfigurationList = F485EC9A28E57203006E69BD /* Build configuration list for PBXProject "SubscriptDraw" */;
			compatibilityVersion = "Xcode 13.0";
			developmentRegion = en;
			hasScannedForEncodings = 0;
			knownRegions = (
				en,
				Base,
			);
			mainGroup = F485EC9628E57203006E69BD;
			productRefGroup = F485ECA028E57203006E69BD /* Products */;
			projectDirPath = "";
			projectRoot = "";
			targets = (
				F485EC9E28E57203006E69BD /* SubscriptDraw */,
				F485ECB328E57205006E69BD /* SubscriptDrawTests */,
				F485ECBD28E57205006E69BD /* SubscriptDrawUITests */,
			);
		};
/* End PBXProject section */

/* Begin PBXResourcesBuildPhase section */
		F485EC9D28E57203006E69BD /* Resources */ = {
			isa = PBXResourcesBuildPhase;
			buildActionMask = 2147483647;
			files = (
				F485ECAA28E57205006E69BD /* Preview Assets.xcassets in Resources */,
				F485ECA728E57205006E69BD /* Assets.xcassets in Resources */,
			);
			runOnlyForDeploymentPostprocessing = 0;
		};
		F485ECB228E57205006E69BD /* Resources */ = {
			isa = PBXResourcesBuildPhase;
			buildActionMask = 2147483647;
			files = (
			);
			runOnlyForDeploymentPostprocessing = 0;
		};
		F485ECBC28E57205006E69BD /* Resources */ = {
			isa = PBXResourcesBuildPhase;
			buildActionMask = 2147483647;
			files = (
			);
			runOnlyForDeploymentPostprocessing = 0;
		};
/* End PBXResourcesBuildPhase section */

/* Begin PBXSourcesBuildPhase section */
		F485EC9B28E57203006E69BD /* Sources */ = {
			isa = PBXSourcesBuildPhase;
			buildActionMask = 2147483647;
			files = (
				F485ECD428E57375006E69BD /* Main.swift in Sources */,
				F485ECAC28E57205006E69BD /* Persistence.swift in Sources */,
				F485ECA528E57203006E69BD /* ContentView.swift in Sources */,
				F485ECA328E57203006E69BD /* SubscriptDrawApp.swift in Sources */,
				F485ECAF28E57205006E69BD /* SubscriptDraw.xcdatamodeld in Sources */,
			);
			runOnlyForDeploymentPostprocessing = 0;
		};
		F485ECB028E57205006E69BD /* Sources */ = {
			isa = PBXSourcesBuildPhase;
			buildActionMask = 2147483647;
			files = (
				F485ECB928E57205006E69BD /* SubscriptDrawTests.swift in Sources */,
			);
			runOnlyForDeploymentPostprocessing = 0;
		};
		F485ECBA28E57205006E69BD /* Sources */ = {
			isa = PBXSourcesBuildPhase;
			buildActionMask = 2147483647;
			files = (
				F485ECC528E57205006E69BD /* SubscriptDrawUITestsLaunchTests.swift in Sources */,
				F485ECC328E57205006E69BD /* SubscriptDrawUITests.swift in Sources */,
			);
			runOnlyForDeploymentPostprocessing = 0;
		};
/* End PBXSourcesBuildPhase section */

/* Begin PBXTargetDependency section */
		F485ECB628E57205006E69BD /* PBXTargetDependency */ = {
			isa = PBXTargetDependency;
			target = F485EC9E28E57203006E69BD /* SubscriptDraw */;
			targetProxy = F485ECB528E57205006E69BD /* PBXContainerItemProxy */;
		};
		F485ECC028E57205006E69BD /* PBXTargetDependency */ = {
			isa = PBXTargetDependency;
			target = F485EC9E28E57203006E69BD /* SubscriptDraw */;
			targetProxy = F485ECBF28E57205006E69BD /* PBXContainerItemProxy */;
		};
/* End PBXTargetDependency section */

/* Begin XCBuildConfiguration section */
		F485ECC628E57205006E69BD /* Debug */ = {
			isa = XCBuildConfiguration;
			buildSettings = {
				ALWAYS_SEARCH_USER_PATHS = NO;
				CLANG_ANALYZER_NONNULL = YES;
				CLANG_ANALYZER_NUMBER_OBJECT_CONVERSION = YES_AGGRESSIVE;
				CLANG_CXX_LANGUAGE_STANDARD = "gnu++17";
				CLANG_CXX_LIBRARY = "libc++";
				CLANG_ENABLE_MODULES = YES;
				CLANG_ENABLE_OBJC_ARC = YES;
				CLANG_ENABLE_OBJC_WEAK = YES;
				CLANG_WARN_BLOCK_CAPTURE_AUTORELEASING = YES;
				CLANG_WARN_BOOL_CONVERSION = YES;
				CLANG_WARN_COMMA = YES;
				CLANG_WARN_CONSTANT_CONVERSION = YES;
				CLANG_WARN_DEPRECATED_OBJC_IMPLEMENTATIONS = YES;
				CLANG_WARN_DIRECT_OBJC_ISA_USAGE = YES_ERROR;
				CLANG_WARN_DOCUMENTATION_COMMENTS = YES;
				CLANG_WARN_EMPTY_BODY = YES;
				CLANG_WARN_ENUM_CONVERSION = YES;
				CLANG_WARN_INFINITE_RECURSION = YES;
				CLANG_WARN_INT_CONVERSION = YES;
				CLANG_WARN_NON_LITERAL_NULL_CONVERSION = YES;
				CLANG_WARN_OBJC_IMPLICIT_RETAIN_SELF = YES;
				CLANG_WARN_OBJC_LITERAL_CONVERSION = YES;
				CLANG_WARN_OBJC_ROOT_CLASS = YES_ERROR;
				CLANG_WARN_QUOTED_INCLUDE_IN_FRAMEWORK_HEADER = YES;
				CLANG_WARN_RANGE_LOOP_ANALYSIS = YES;
				CLANG_WARN_STRICT_PROTOTYPES = YES;
				CLANG_WARN_SUSPICIOUS_MOVE = YES;
				CLANG_WARN_UNGUARDED_AVAILABILITY = YES_AGGRESSIVE;
				CLANG_WARN_UNREACHABLE_CODE = YES;
				CLANG_WARN__DUPLICATE_METHOD_MATCH = YES;
				COPY_PHASE_STRIP = NO;
				DEBUG_INFORMATION_FORMAT = dwarf;
				ENABLE_STRICT_OBJC_MSGSEND = YES;
				ENABLE_TESTABILITY = YES;
				GCC_C_LANGUAGE_STANDARD = gnu11;
				GCC_DYNAMIC_NO_PIC = NO;
				GCC_NO_COMMON_BLOCKS = YES;
				GCC_OPTIMIZATION_LEVEL = 0;
				GCC_PREPROCESSOR_DEFINITIONS = (
					"DEBUG=1",
					"$(inherited)",
				);
				GCC_WARN_64_TO_32_BIT_CONVERSION = YES;
				GCC_WARN_ABOUT_RETURN_TYPE = YES_ERROR;
				GCC_WARN_UNDECLARED_SELECTOR = YES;
				GCC_WARN_UNINITIALIZED_AUTOS = YES_AGGRESSIVE;
				GCC_WARN_UNUSED_FUNCTION = YES;
				GCC_WARN_UNUSED_VARIABLE = YES;
				IPHONEOS_DEPLOYMENT_TARGET = 14.7;
				MTL_ENABLE_DEBUG_INFO = INCLUDE_SOURCE;
				MTL_FAST_MATH = YES;
				ONLY_ACTIVE_ARCH = YES;
				SDKROOT = iphoneos;
				SWIFT_ACTIVE_COMPILATION_CONDITIONS = DEBUG;
				SWIFT_OPTIMIZATION_LEVEL = "-Onone";
			};
			name = Debug;
		};
		F485ECC728E57205006E69BD /* Release */ = {
			isa = XCBuildConfiguration;
			buildSettings = {
				ALWAYS_SEARCH_USER_PATHS = NO;
				CLANG_ANALYZER_NONNULL = YES;
				CLANG_ANALYZER_NUMBER_OBJECT_CONVERSION = YES_AGGRESSIVE;
				CLANG_CXX_LANGUAGE_STANDARD = "gnu++17";
				CLANG_CXX_LIBRARY = "libc++";
				CLANG_ENABLE_MODULES = YES;
				CLANG_ENABLE_OBJC_ARC = YES;
				CLANG_ENABLE_OBJC_WEAK = YES;
				CLANG_WARN_BLOCK_CAPTURE_AUTORELEASING = YES;
				CLANG_WARN_BOOL_CONVERSION = YES;
				CLANG_WARN_COMMA = YES;
				CLANG_WARN_CONSTANT_CONVERSION = YES;
				CLANG_WARN_DEPRECATED_OBJC_IMPLEMENTATIONS = YES;
				CLANG_WARN_DIRECT_OBJC_ISA_USAGE = YES_ERROR;
				CLANG_WARN_DOCUMENTATION_COMMENTS = YES;
				CLANG_WARN_EMPTY_BODY = YES;
				CLANG_WARN_ENUM_CONVERSION = YES;
				CLANG_WARN_INFINITE_RECURSION = YES;
				CLANG_WARN_INT_CONVERSION = YES;
				CLANG_WARN_NON_LITERAL_NULL_CONVERSION = YES;
				CLANG_WARN_OBJC_IMPLICIT_RETAIN_SELF = YES;
				CLANG_WARN_OBJC_LITERAL_CONVERSION = YES;
				CLANG_WARN_OBJC_ROOT_CLASS = YES_ERROR;
				CLANG_WARN_QUOTED_INCLUDE_IN_FRAMEWORK_HEADER = YES;
				CLANG_WARN_RANGE_LOOP_ANALYSIS = YES;
				CLANG_WARN_STRICT_PROTOTYPES = YES;
				CLANG_WARN_SUSPICIOUS_MOVE = YES;
				CLANG_WARN_UNGUARDED_AVAILABILITY = YES_AGGRESSIVE;
				CLANG_WARN_UNREACHABLE_CODE = YES;
				CLANG_WARN__DUPLICATE_METHOD_MATCH = YES;
				COPY_PHASE_STRIP = NO;
				DEBUG_INFORMATION_FORMAT = "dwarf-with-dsym";
				ENABLE_NS_ASSERTIONS = NO;
				ENABLE_STRICT_OBJC_MSGSEND = YES;
				GCC_C_LANGUAGE_STANDARD = gnu11;
				GCC_NO_COMMON_BLOCKS = YES;
				GCC_WARN_64_TO_32_BIT_CONVERSION = YES;
				GCC_WARN_ABOUT_RETURN_TYPE = YES_ERROR;
				GCC_WARN_UNDECLARED_SELECTOR = YES;
				GCC_WARN_UNINITIALIZED_AUTOS = YES_AGGRESSIVE;
				GCC_WARN_UNUSED_FUNCTION = YES;
				GCC_WARN_UNUSED_VARIABLE = YES;
				IPHONEOS_DEPLOYMENT_TARGET = 14.7;
				MTL_ENABLE_DEBUG_INFO = NO;
				MTL_FAST_MATH = YES;
				SDKROOT = iphoneos;
				SWIFT_COMPILATION_MODE = wholemodule;
				SWIFT_OPTIMIZATION_LEVEL = "-O";
				VALIDATE_PRODUCT = YES;
			};
			name = Release;
		};
		F485ECC928E57205006E69BD /* Debug */ = {
			isa = XCBuildConfiguration;
			buildSettings = {
				ASSETCATALOG_COMPILER_APPICON_NAME = AppIcon;
				ASSETCATALOG_COMPILER_GLOBAL_ACCENT_COLOR_NAME = AccentColor;
				CODE_SIGN_ENTITLEMENTS = SubscriptDraw/SubscriptDraw.entitlements;
				CODE_SIGN_STYLE = Automatic;
				CURRENT_PROJECT_VERSION = 1;
				DEVELOPMENT_ASSET_PATHS = "\"SubscriptDraw/Preview Content\"";
				DEVELOPMENT_TEAM = CV5FXG5P92;
				ENABLE_PREVIEWS = YES;
				GENERATE_INFOPLIST_FILE = YES;
				INFOPLIST_KEY_UIApplicationSceneManifest_Generation = YES;
				INFOPLIST_KEY_UIApplicationSupportsIndirectInputEvents = YES;
				INFOPLIST_KEY_UILaunchScreen_Generation = YES;
				INFOPLIST_KEY_UISupportedInterfaceOrientations_iPad = "UIInterfaceOrientationPortrait UIInterfaceOrientationPortraitUpsideDown UIInterfaceOrientationLandscapeLeft UIInterfaceOrientationLandscapeRight";
				INFOPLIST_KEY_UISupportedInterfaceOrientations_iPhone = "UIInterfaceOrientationPortrait UIInterfaceOrientationLandscapeLeft UIInterfaceOrientationLandscapeRight";
				IPHONEOS_DEPLOYMENT_TARGET = 14.7;
				LD_RUNPATH_SEARCH_PATHS = (
					"$(inherited)",
					"@executable_path/Frameworks",
				);
				MARKETING_VERSION = 1.0;
				PRODUCT_BUNDLE_IDENTIFIER = com.colbyn.SubscriptDraw;
				PRODUCT_NAME = "$(TARGET_NAME)";
				SUPPORTS_MACCATALYST = YES;
				SWIFT_EMIT_LOC_STRINGS = YES;
				SWIFT_VERSION = 5.0;
				TARGETED_DEVICE_FAMILY = "1,2";
			};
			name = Debug;
		};
		F485ECCA28E57205006E69BD /* Release */ = {
			isa = XCBuildConfiguration;
			buildSettings = {
				ASSETCATALOG_COMPILER_APPICON_NAME = AppIcon;
				ASSETCATALOG_COMPILER_GLOBAL_ACCENT_COLOR_NAME = AccentColor;
				CODE_SIGN_ENTITLEMENTS = SubscriptDraw/SubscriptDraw.entitlements;
				CODE_SIGN_STYLE = Automatic;
				CURRENT_PROJECT_VERSION = 1;
				DEVELOPMENT_ASSET_PATHS = "\"SubscriptDraw/Preview Content\"";
				DEVELOPMENT_TEAM = CV5FXG5P92;
				ENABLE_PREVIEWS = YES;
				GENERATE_INFOPLIST_FILE = YES;
				INFOPLIST_KEY_UIApplicationSceneManifest_Generation = YES;
				INFOPLIST_KEY_UIApplicationSupportsIndirectInputEvents = YES;
				INFOPLIST_KEY_UILaunchScreen_Generation = YES;
				INFOPLIST_KEY_UISupportedInterfaceOrientations_iPad = "UIInterfaceOrientationPortrait UIInterfaceOrientationPortraitUpsideDown UIInterfaceOrientationLandscapeLeft UIInterfaceOrientationLandscapeRight";
				INFOPLIST_KEY_UISupportedInterfaceOrientations_iPhone = "UIInterfaceOrientationPortrait UIInterfaceOrientationLandscapeLeft UIInterfaceOrientationLandscapeRight";
				IPHONEOS_DEPLOYMENT_TARGET = 14.7;
				LD_RUNPATH_SEARCH_PATHS = (
					"$(inherited)",
					"@executable_path/Frameworks",
				);
				MARKETING_VERSION = 1.0;
				PRODUCT_BUNDLE_IDENTIFIER = com.colbyn.SubscriptDraw;
				PRODUCT_NAME = "$(TARGET_NAME)";
				SUPPORTS_MACCATALYST = YES;
				SWIFT_EMIT_LOC_STRINGS = YES;
				SWIFT_VERSION = 5.0;
				TARGETED_DEVICE_FAMILY = "1,2";
			};
			name = Release;
		};
		F485ECCC28E57205006E69BD /* Debug */ = {
			isa = XCBuildConfiguration;
			buildSettings = {
				ALWAYS_EMBED_SWIFT_STANDARD_LIBRARIES = YES;
				BUNDLE_LOADER = "$(TEST_HOST)";
				CODE_SIGN_STYLE = Automatic;
				CURRENT_PROJECT_VERSION = 1;
				DEVELOPMENT_TEAM = CV5FXG5P92;
				GENERATE_INFOPLIST_FILE = YES;
				IPHONEOS_DEPLOYMENT_TARGET = 15.2;
				MARKETING_VERSION = 1.0;
				PRODUCT_BUNDLE_IDENTIFIER = com.colbyn.SubscriptDrawTests;
				PRODUCT_NAME = "$(TARGET_NAME)";
				SWIFT_EMIT_LOC_STRINGS = NO;
				SWIFT_VERSION = 5.0;
				TARGETED_DEVICE_FAMILY = "1,2";
				TEST_HOST = "$(BUILT_PRODUCTS_DIR)/SubscriptDraw.app/SubscriptDraw";
			};
			name = Debug;
		};
		F485ECCD28E57205006E69BD /* Release */ = {
			isa = XCBuildConfiguration;
			buildSettings = {
				ALWAYS_EMBED_SWIFT_STANDARD_LIBRARIES = YES;
				BUNDLE_LOADER = "$(TEST_HOST)";
				CODE_SIGN_STYLE = Automatic;
				CURRENT_PROJECT_VERSION = 1;
				DEVELOPMENT_TEAM = CV5FXG5P92;
				GENERATE_INFOPLIST_FILE = YES;
				IPHONEOS_DEPLOYMENT_TARGET = 15.2;
				MARKETING_VERSION = 1.0;
				PRODUCT_BUNDLE_IDENTIFIER = com.colbyn.SubscriptDrawTests;
				PRODUCT_NAME = "$(TARGET_NAME)";
				SWIFT_EMIT_LOC_STRINGS = NO;
				SWIFT_VERSION = 5.0;
				TARGETED_DEVICE_FAMILY = "1,2";
				TEST_HOST = "$(BUILT_PRODUCTS_DIR)/SubscriptDraw.app/SubscriptDraw";
			};
			name = Release;
		};
		F485ECCF28E57205006E69BD /* Debug */ = {
			isa = XCBuildConfiguration;
			buildSettings = {
				ALWAYS_EMBED_SWIFT_STANDARD_LIBRARIES = YES;
				CODE_SIGN_STYLE = Automatic;
				CURRENT_PROJECT_VERSION = 1;
				DEVELOPMENT_TEAM = CV5FXG5P92;
				GENERATE_INFOPLIST_FILE = YES;
				MARKETING_VERSION = 1.0;
				PRODUCT_BUNDLE_IDENTIFIER = com.colbyn.SubscriptDrawUITests;
				PRODUCT_NAME = "$(TARGET_NAME)";
				SWIFT_EMIT_LOC_STRINGS = NO;
				SWIFT_VERSION = 5.0;
				TARGETED_DEVICE_FAMILY = "1,2";
				TEST_TARGET_NAME = SubscriptDraw;
			};
			name = Debug;
		};
		F485ECD028E57205006E69BD /* Release */ = {
			isa = XCBuildConfiguration;
			buildSettings = {
				ALWAYS_EMBED_SWIFT_STANDARD_LIBRARIES = YES;
				CODE_SIGN_STYLE = Automatic;
				CURRENT_PROJECT_VERSION = 1;
				DEVELOPMENT_TEAM = CV5FXG5P92;
				GENERATE_INFOPLIST_FILE = YES;
				MARKETING_VERSION = 1.0;
				PRODUCT_BUNDLE_IDENTIFIER = com.colbyn.SubscriptDrawUITests;
				PRODUCT_NAME = "$(TARGET_NAME)";
				SWIFT_EMIT_LOC_STRINGS = NO;
				SWIFT_VERSION = 5.0;
				TARGETED_DEVICE_FAMILY = "1,2";
				TEST_TARGET_NAME = SubscriptDraw;
			};
			name = Release;
		};
/* End XCBuildConfiguration section */

/* Begin XCConfigurationList section */
		F485EC9A28E57203006E69BD /* Build configuration list for PBXProject "SubscriptDraw" */ = {
			isa = XCConfigurationList;
			buildConfigurations = (
				F485ECC628E57205006E69BD /* Debug */,
				F485ECC728E57205006E69BD /* Release */,
			);
			defaultConfigurationIsVisible = 0;
			defaultConfigurationName = Release;
		};
		F485ECC828E57205006E69BD /* Build configuration list for PBXNativeTarget "SubscriptDraw" */ = {
			isa = XCConfigurationList;
			buildConfigurations = (
				F485ECC928E57205006E69BD /* Debug */,
				F485ECCA28E57205006E69BD /* Release */,
			);
			defaultConfigurationIsVisible = 0;
			defaultConfigurationName = Release;
		};
		F485ECCB28E57205006E69BD /* Build configuration list for PBXNativeTarget "SubscriptDrawTests" */ = {
			isa = XCConfigurationList;
			buildConfigurations = (
				F485ECCC28E57205006E69BD /* Debug */,
				F485ECCD28E57205006E69BD /* Release */,
			);
			defaultConfigurationIsVisible = 0;
			defaultConfigurationName = Release;
		};
		F485ECCE28E57205006E69BD /* Build configuration list for PBXNativeTarget "SubscriptDrawUITests" */ = {
			isa = XCConfigurationList;
			buildConfigurations = (
				F485ECCF28E57205006E69BD /* Debug */,
				F485ECD028E57205006E69BD /* Release */,
			);
			defaultConfigurationIsVisible = 0;
			defaultConfigurationName = Release;
		};
/* End XCConfigurationList section */

/* Begin XCVersionGroup section */
		F485ECAD28E57205006E69BD /* SubscriptDraw.xcdatamodeld */ = {
			isa = XCVersionGroup;
			children = (
				F485ECAE28E57205006E69BD /* SubscriptDraw.xcdatamodel */,
			);
			currentVersion = F485ECAE28E57205006E69BD /* SubscriptDraw.xcdatamodel */;
			path = SubscriptDraw.xcdatamodeld;
			sourceTree = "<group>";
			versionGroupType = wrapper.xcdatamodel;
		};
/* End XCVersionGroup section */
	};
	rootObject = F485EC9728E57203006E69BD /* Project object */;
}
