// !$*UTF8*$!
{
	archiveVersion = 1;
	classes = {
	};
	objectVersion = 55;
	objects = {

/* Begin PBXBuildFile section */
		F4116BED290C4FCA004E39AC /* Assets.xcassets in Resources */ = {isa = PBXBuildFile; fileRef = F4116BDB290C4FCA004E39AC /* Assets.xcassets */; };
		F4116BEE290C4FCA004E39AC /* Assets.xcassets in Resources */ = {isa = PBXBuildFile; fileRef = F4116BDB290C4FCA004E39AC /* Assets.xcassets */; };
		F4116BF9290C5085004E39AC /* Main.swift in Sources */ = {isa = PBXBuildFile; fileRef = F4116BF8290C5085004E39AC /* Main.swift */; };
		F4116BFA290C5085004E39AC /* Main.swift in Sources */ = {isa = PBXBuildFile; fileRef = F4116BF8290C5085004E39AC /* Main.swift */; };
		F4116BFD290C5894004E39AC /* libvectorizable_demo_rs.a in Frameworks */ = {isa = PBXBuildFile; fileRef = F4116BFC290C5894004E39AC /* libvectorizable_demo_rs.a */; };
		F4116C0A290C5AF5004E39AC /* FFI.swift in Sources */ = {isa = PBXBuildFile; fileRef = F4116C09290C5AF5004E39AC /* FFI.swift */; };
		F4116C0B290C5AF5004E39AC /* FFI.swift in Sources */ = {isa = PBXBuildFile; fileRef = F4116C09290C5AF5004E39AC /* FFI.swift */; };
/* End PBXBuildFile section */

/* Begin PBXFileReference section */
		F4116BDB290C4FCA004E39AC /* Assets.xcassets */ = {isa = PBXFileReference; lastKnownFileType = folder.assetcatalog; path = Assets.xcassets; sourceTree = "<group>"; };
		F4116BE0290C4FCA004E39AC /* VectorizableDemo.app */ = {isa = PBXFileReference; explicitFileType = wrapper.application; includeInIndex = 0; path = VectorizableDemo.app; sourceTree = BUILT_PRODUCTS_DIR; };
		F4116BE6290C4FCA004E39AC /* VectorizableDemo.app */ = {isa = PBXFileReference; explicitFileType = wrapper.application; includeInIndex = 0; path = VectorizableDemo.app; sourceTree = BUILT_PRODUCTS_DIR; };
		F4116BE8290C4FCA004E39AC /* macOS.entitlements */ = {isa = PBXFileReference; lastKnownFileType = text.plist.entitlements; path = macOS.entitlements; sourceTree = "<group>"; };
		F4116BF8290C5085004E39AC /* Main.swift */ = {isa = PBXFileReference; lastKnownFileType = sourcecode.swift; path = Main.swift; sourceTree = "<group>"; };
		F4116BFC290C5894004E39AC /* libvectorizable_demo_rs.a */ = {isa = PBXFileReference; lastKnownFileType = archive.ar; name = libvectorizable_demo_rs.a; path = "../../target/x86_64-apple-darwin/release/libvectorizable_demo_rs.a"; sourceTree = "<group>"; };
		F4116C07290C5AE1004E39AC /* MACOS_FFI.h */ = {isa = PBXFileReference; lastKnownFileType = sourcecode.c.h; path = MACOS_FFI.h; sourceTree = "<group>"; };
		F4116C08290C5AEB004E39AC /* IOS_FFI.h */ = {isa = PBXFileReference; lastKnownFileType = sourcecode.c.h; path = IOS_FFI.h; sourceTree = "<group>"; };
		F4116C09290C5AF5004E39AC /* FFI.swift */ = {isa = PBXFileReference; lastKnownFileType = sourcecode.swift; path = FFI.swift; sourceTree = "<group>"; };
		F4116C0C290C5C65004E39AC /* vectorizable-demo.h */ = {isa = PBXFileReference; fileEncoding = 4; lastKnownFileType = sourcecode.c.h; name = "vectorizable-demo.h"; path = "../../../vectorizable-demo-rs/ffi/include/vectorizable-demo.h"; sourceTree = "<group>"; };
/* End PBXFileReference section */

/* Begin PBXFrameworksBuildPhase section */
		F4116BDD290C4FCA004E39AC /* Frameworks */ = {
			isa = PBXFrameworksBuildPhase;
			buildActionMask = 2147483647;
			files = (
			);
			runOnlyForDeploymentPostprocessing = 0;
		};
		F4116BE3290C4FCA004E39AC /* Frameworks */ = {
			isa = PBXFrameworksBuildPhase;
			buildActionMask = 2147483647;
			files = (
				F4116BFD290C5894004E39AC /* libvectorizable_demo_rs.a in Frameworks */,
			);
			runOnlyForDeploymentPostprocessing = 0;
		};
/* End PBXFrameworksBuildPhase section */

/* Begin PBXGroup section */
		F4116BD3290C4FC5004E39AC = {
			isa = PBXGroup;
			children = (
				F4116BF7290C505E004E39AC /* Source */,
				F4116BD8290C4FC5004E39AC /* Shared */,
				F4116BE7290C4FCA004E39AC /* macOS */,
				F4116BE1290C4FCA004E39AC /* Products */,
				F4116BFB290C5894004E39AC /* Frameworks */,
			);
			sourceTree = "<group>";
		};
		F4116BD8290C4FC5004E39AC /* Shared */ = {
			isa = PBXGroup;
			children = (
				F4116BDB290C4FCA004E39AC /* Assets.xcassets */,
			);
			path = Shared;
			sourceTree = "<group>";
		};
		F4116BE1290C4FCA004E39AC /* Products */ = {
			isa = PBXGroup;
			children = (
				F4116BE0290C4FCA004E39AC /* VectorizableDemo.app */,
				F4116BE6290C4FCA004E39AC /* VectorizableDemo.app */,
			);
			name = Products;
			sourceTree = "<group>";
		};
		F4116BE7290C4FCA004E39AC /* macOS */ = {
			isa = PBXGroup;
			children = (
				F4116BE8290C4FCA004E39AC /* macOS.entitlements */,
			);
			path = macOS;
			sourceTree = "<group>";
		};
		F4116BF7290C505E004E39AC /* Source */ = {
			isa = PBXGroup;
			children = (
				F4116C06290C5ACA004E39AC /* FFI */,
				F4116BF8290C5085004E39AC /* Main.swift */,
			);
			path = Source;
			sourceTree = "<group>";
		};
		F4116BFB290C5894004E39AC /* Frameworks */ = {
			isa = PBXGroup;
			children = (
				F4116BFC290C5894004E39AC /* libvectorizable_demo_rs.a */,
			);
			name = Frameworks;
			sourceTree = "<group>";
		};
		F4116C06290C5ACA004E39AC /* FFI */ = {
			isa = PBXGroup;
			children = (
				F4116C0C290C5C65004E39AC /* vectorizable-demo.h */,
				F4116C07290C5AE1004E39AC /* MACOS_FFI.h */,
				F4116C08290C5AEB004E39AC /* IOS_FFI.h */,
				F4116C09290C5AF5004E39AC /* FFI.swift */,
			);
			path = FFI;
			sourceTree = "<group>";
		};
/* End PBXGroup section */

/* Begin PBXNativeTarget section */
		F4116BDF290C4FCA004E39AC /* VectorizableDemo (iOS) */ = {
			isa = PBXNativeTarget;
			buildConfigurationList = F4116BF1290C4FCA004E39AC /* Build configuration list for PBXNativeTarget "VectorizableDemo (iOS)" */;
			buildPhases = (
				F4116BDC290C4FCA004E39AC /* Sources */,
				F4116BDD290C4FCA004E39AC /* Frameworks */,
				F4116BDE290C4FCA004E39AC /* Resources */,
			);
			buildRules = (
			);
			dependencies = (
			);
			name = "VectorizableDemo (iOS)";
			productName = "VectorizableDemo (iOS)";
			productReference = F4116BE0290C4FCA004E39AC /* VectorizableDemo.app */;
			productType = "com.apple.product-type.application";
		};
		F4116BE5290C4FCA004E39AC /* VectorizableDemo (macOS) */ = {
			isa = PBXNativeTarget;
			buildConfigurationList = F4116BF4290C4FCA004E39AC /* Build configuration list for PBXNativeTarget "VectorizableDemo (macOS)" */;
			buildPhases = (
				F4116BE2290C4FCA004E39AC /* Sources */,
				F4116BE3290C4FCA004E39AC /* Frameworks */,
				F4116BE4290C4FCA004E39AC /* Resources */,
			);
			buildRules = (
			);
			dependencies = (
			);
			name = "VectorizableDemo (macOS)";
			productName = "VectorizableDemo (macOS)";
			productReference = F4116BE6290C4FCA004E39AC /* VectorizableDemo.app */;
			productType = "com.apple.product-type.application";
		};
/* End PBXNativeTarget section */

/* Begin PBXProject section */
		F4116BD4290C4FC5004E39AC /* Project object */ = {
			isa = PBXProject;
			attributes = {
				BuildIndependentTargetsInParallel = 1;
				LastSwiftUpdateCheck = 1320;
				LastUpgradeCheck = 1320;
				TargetAttributes = {
					F4116BDF290C4FCA004E39AC = {
						CreatedOnToolsVersion = 13.2.1;
					};
					F4116BE5290C4FCA004E39AC = {
						CreatedOnToolsVersion = 13.2.1;
					};
				};
			};
			buildConfigurationList = F4116BD7290C4FC5004E39AC /* Build configuration list for PBXProject "VectorizableDemo" */;
			compatibilityVersion = "Xcode 13.0";
			developmentRegion = en;
			hasScannedForEncodings = 0;
			knownRegions = (
				en,
				Base,
			);
			mainGroup = F4116BD3290C4FC5004E39AC;
			productRefGroup = F4116BE1290C4FCA004E39AC /* Products */;
			projectDirPath = "";
			projectRoot = "";
			targets = (
				F4116BDF290C4FCA004E39AC /* VectorizableDemo (iOS) */,
				F4116BE5290C4FCA004E39AC /* VectorizableDemo (macOS) */,
			);
		};
/* End PBXProject section */

/* Begin PBXResourcesBuildPhase section */
		F4116BDE290C4FCA004E39AC /* Resources */ = {
			isa = PBXResourcesBuildPhase;
			buildActionMask = 2147483647;
			files = (
				F4116BED290C4FCA004E39AC /* Assets.xcassets in Resources */,
			);
			runOnlyForDeploymentPostprocessing = 0;
		};
		F4116BE4290C4FCA004E39AC /* Resources */ = {
			isa = PBXResourcesBuildPhase;
			buildActionMask = 2147483647;
			files = (
				F4116BEE290C4FCA004E39AC /* Assets.xcassets in Resources */,
			);
			runOnlyForDeploymentPostprocessing = 0;
		};
/* End PBXResourcesBuildPhase section */

/* Begin PBXSourcesBuildPhase section */
		F4116BDC290C4FCA004E39AC /* Sources */ = {
			isa = PBXSourcesBuildPhase;
			buildActionMask = 2147483647;
			files = (
				F4116BF9290C5085004E39AC /* Main.swift in Sources */,
				F4116C0A290C5AF5004E39AC /* FFI.swift in Sources */,
			);
			runOnlyForDeploymentPostprocessing = 0;
		};
		F4116BE2290C4FCA004E39AC /* Sources */ = {
			isa = PBXSourcesBuildPhase;
			buildActionMask = 2147483647;
			files = (
				F4116BFA290C5085004E39AC /* Main.swift in Sources */,
				F4116C0B290C5AF5004E39AC /* FFI.swift in Sources */,
			);
			runOnlyForDeploymentPostprocessing = 0;
		};
/* End PBXSourcesBuildPhase section */

/* Begin XCBuildConfiguration section */
		F4116BEF290C4FCA004E39AC /* Debug */ = {
			isa = XCBuildConfiguration;
			buildSettings = {
				ALWAYS_SEARCH_USER_PATHS = NO;
				CLANG_ANALYZER_NONNULL = YES;
				CLANG_ANALYZER_NUMBER_OBJECT_CONVERSION = YES_AGGRESSIVE;
				CLANG_CXX_LANGUAGE_STANDARD = "gnu++17";
				CLANG_CXX_LIBRARY = "libc++";
				CLANG_ENABLE_MODULES = YES;
				CLANG_ENABLE_OBJC_ARC = YES;
				CLANG_ENABLE_OBJC_WEAK = YES;
				CLANG_WARN_BLOCK_CAPTURE_AUTORELEASING = YES;
				CLANG_WARN_BOOL_CONVERSION = YES;
				CLANG_WARN_COMMA = YES;
				CLANG_WARN_CONSTANT_CONVERSION = YES;
				CLANG_WARN_DEPRECATED_OBJC_IMPLEMENTATIONS = YES;
				CLANG_WARN_DIRECT_OBJC_ISA_USAGE = YES_ERROR;
				CLANG_WARN_DOCUMENTATION_COMMENTS = YES;
				CLANG_WARN_EMPTY_BODY = YES;
				CLANG_WARN_ENUM_CONVERSION = YES;
				CLANG_WARN_INFINITE_RECURSION = YES;
				CLANG_WARN_INT_CONVERSION = YES;
				CLANG_WARN_NON_LITERAL_NULL_CONVERSION = YES;
				CLANG_WARN_OBJC_IMPLICIT_RETAIN_SELF = YES;
				CLANG_WARN_OBJC_LITERAL_CONVERSION = YES;
				CLANG_WARN_OBJC_ROOT_CLASS = YES_ERROR;
				CLANG_WARN_QUOTED_INCLUDE_IN_FRAMEWORK_HEADER = YES;
				CLANG_WARN_RANGE_LOOP_ANALYSIS = YES;
				CLANG_WARN_STRICT_PROTOTYPES = YES;
				CLANG_WARN_SUSPICIOUS_MOVE = YES;
				CLANG_WARN_UNGUARDED_AVAILABILITY = YES_AGGRESSIVE;
				CLANG_WARN_UNREACHABLE_CODE = YES;
				CLANG_WARN__DUPLICATE_METHOD_MATCH = YES;
				COPY_PHASE_STRIP = NO;
				DEBUG_INFORMATION_FORMAT = dwarf;
				ENABLE_STRICT_OBJC_MSGSEND = YES;
				ENABLE_TESTABILITY = YES;
				GCC_C_LANGUAGE_STANDARD = gnu11;
				GCC_DYNAMIC_NO_PIC = NO;
				GCC_NO_COMMON_BLOCKS = YES;
				GCC_OPTIMIZATION_LEVEL = 0;
				GCC_PREPROCESSOR_DEFINITIONS = (
					"DEBUG=1",
					"$(inherited)",
				);
				GCC_WARN_64_TO_32_BIT_CONVERSION = YES;
				GCC_WARN_ABOUT_RETURN_TYPE = YES_ERROR;
				GCC_WARN_UNDECLARED_SELECTOR = YES;
				GCC_WARN_UNINITIALIZED_AUTOS = YES_AGGRESSIVE;
				GCC_WARN_UNUSED_FUNCTION = YES;
				GCC_WARN_UNUSED_VARIABLE = YES;
				MTL_ENABLE_DEBUG_INFO = INCLUDE_SOURCE;
				MTL_FAST_MATH = YES;
				ONLY_ACTIVE_ARCH = YES;
				SWIFT_ACTIVE_COMPILATION_CONDITIONS = DEBUG;
				SWIFT_OPTIMIZATION_LEVEL = "-Onone";
			};
			name = Debug;
		};
		F4116BF0290C4FCA004E39AC /* Release */ = {
			isa = XCBuildConfiguration;
			buildSettings = {
				ALWAYS_SEARCH_USER_PATHS = NO;
				CLANG_ANALYZER_NONNULL = YES;
				CLANG_ANALYZER_NUMBER_OBJECT_CONVERSION = YES_AGGRESSIVE;
				CLANG_CXX_LANGUAGE_STANDARD = "gnu++17";
				CLANG_CXX_LIBRARY = "libc++";
				CLANG_ENABLE_MODULES = YES;
				CLANG_ENABLE_OBJC_ARC = YES;
				CLANG_ENABLE_OBJC_WEAK = YES;
				CLANG_WARN_BLOCK_CAPTURE_AUTORELEASING = YES;
				CLANG_WARN_BOOL_CONVERSION = YES;
				CLANG_WARN_COMMA = YES;
				CLANG_WARN_CONSTANT_CONVERSION = YES;
				CLANG_WARN_DEPRECATED_OBJC_IMPLEMENTATIONS = YES;
				CLANG_WARN_DIRECT_OBJC_ISA_USAGE = YES_ERROR;
				CLANG_WARN_DOCUMENTATION_COMMENTS = YES;
				CLANG_WARN_EMPTY_BODY = YES;
				CLANG_WARN_ENUM_CONVERSION = YES;
				CLANG_WARN_INFINITE_RECURSION = YES;
				CLANG_WARN_INT_CONVERSION = YES;
				CLANG_WARN_NON_LITERAL_NULL_CONVERSION = YES;
				CLANG_WARN_OBJC_IMPLICIT_RETAIN_SELF = YES;
				CLANG_WARN_OBJC_LITERAL_CONVERSION = YES;
				CLANG_WARN_OBJC_ROOT_CLASS = YES_ERROR;
				CLANG_WARN_QUOTED_INCLUDE_IN_FRAMEWORK_HEADER = YES;
				CLANG_WARN_RANGE_LOOP_ANALYSIS = YES;
				CLANG_WARN_STRICT_PROTOTYPES = YES;
				CLANG_WARN_SUSPICIOUS_MOVE = YES;
				CLANG_WARN_UNGUARDED_AVAILABILITY = YES_AGGRESSIVE;
				CLANG_WARN_UNREACHABLE_CODE = YES;
				CLANG_WARN__DUPLICATE_METHOD_MATCH = YES;
				COPY_PHASE_STRIP = NO;
				DEBUG_INFORMATION_FORMAT = "dwarf-with-dsym";
				ENABLE_NS_ASSERTIONS = NO;
				ENABLE_STRICT_OBJC_MSGSEND = YES;
				GCC_C_LANGUAGE_STANDARD = gnu11;
				GCC_NO_COMMON_BLOCKS = YES;
				GCC_WARN_64_TO_32_BIT_CONVERSION = YES;
				GCC_WARN_ABOUT_RETURN_TYPE = YES_ERROR;
				GCC_WARN_UNDECLARED_SELECTOR = YES;
				GCC_WARN_UNINITIALIZED_AUTOS = YES_AGGRESSIVE;
				GCC_WARN_UNUSED_FUNCTION = YES;
				GCC_WARN_UNUSED_VARIABLE = YES;
				MTL_ENABLE_DEBUG_INFO = NO;
				MTL_FAST_MATH = YES;
				SWIFT_COMPILATION_MODE = wholemodule;
				SWIFT_OPTIMIZATION_LEVEL = "-O";
			};
			name = Release;
		};
		F4116BF2290C4FCA004E39AC /* Debug */ = {
			isa = XCBuildConfiguration;
			buildSettings = {
				ASSETCATALOG_COMPILER_APPICON_NAME = AppIcon;
				ASSETCATALOG_COMPILER_GLOBAL_ACCENT_COLOR_NAME = AccentColor;
				CODE_SIGN_STYLE = Automatic;
				CURRENT_PROJECT_VERSION = 1;
				DEVELOPMENT_TEAM = CV5FXG5P92;
				ENABLE_PREVIEWS = YES;
				GENERATE_INFOPLIST_FILE = YES;
				INFOPLIST_KEY_UIApplicationSceneManifest_Generation = YES;
				INFOPLIST_KEY_UIApplicationSupportsIndirectInputEvents = YES;
				INFOPLIST_KEY_UILaunchScreen_Generation = YES;
				INFOPLIST_KEY_UISupportedInterfaceOrientations_iPad = "UIInterfaceOrientationPortrait UIInterfaceOrientationPortraitUpsideDown UIInterfaceOrientationLandscapeLeft UIInterfaceOrientationLandscapeRight";
				INFOPLIST_KEY_UISupportedInterfaceOrientations_iPhone = "UIInterfaceOrientationPortrait UIInterfaceOrientationLandscapeLeft UIInterfaceOrientationLandscapeRight";
				IPHONEOS_DEPLOYMENT_TARGET = 14.7;
				LD_RUNPATH_SEARCH_PATHS = (
					"$(inherited)",
					"@executable_path/Frameworks",
				);
				MARKETING_VERSION = 1.0;
				PRODUCT_BUNDLE_IDENTIFIER = "app.subscript.vectorizable-demo.VectorizableDemo";
				PRODUCT_NAME = VectorizableDemo;
				SDKROOT = iphoneos;
				SWIFT_EMIT_LOC_STRINGS = YES;
				SWIFT_VERSION = 5.0;
				TARGETED_DEVICE_FAMILY = "1,2";
			};
			name = Debug;
		};
		F4116BF3290C4FCA004E39AC /* Release */ = {
			isa = XCBuildConfiguration;
			buildSettings = {
				ASSETCATALOG_COMPILER_APPICON_NAME = AppIcon;
				ASSETCATALOG_COMPILER_GLOBAL_ACCENT_COLOR_NAME = AccentColor;
				CODE_SIGN_STYLE = Automatic;
				CURRENT_PROJECT_VERSION = 1;
				DEVELOPMENT_TEAM = CV5FXG5P92;
				ENABLE_PREVIEWS = YES;
				GENERATE_INFOPLIST_FILE = YES;
				INFOPLIST_KEY_UIApplicationSceneManifest_Generation = YES;
				INFOPLIST_KEY_UIApplicationSupportsIndirectInputEvents = YES;
				INFOPLIST_KEY_UILaunchScreen_Generation = YES;
				INFOPLIST_KEY_UISupportedInterfaceOrientations_iPad = "UIInterfaceOrientationPortrait UIInterfaceOrientationPortraitUpsideDown UIInterfaceOrientationLandscapeLeft UIInterfaceOrientationLandscapeRight";
				INFOPLIST_KEY_UISupportedInterfaceOrientations_iPhone = "UIInterfaceOrientationPortrait UIInterfaceOrientationLandscapeLeft UIInterfaceOrientationLandscapeRight";
				IPHONEOS_DEPLOYMENT_TARGET = 14.7;
				LD_RUNPATH_SEARCH_PATHS = (
					"$(inherited)",
					"@executable_path/Frameworks",
				);
				MARKETING_VERSION = 1.0;
				PRODUCT_BUNDLE_IDENTIFIER = "app.subscript.vectorizable-demo.VectorizableDemo";
				PRODUCT_NAME = VectorizableDemo;
				SDKROOT = iphoneos;
				SWIFT_EMIT_LOC_STRINGS = YES;
				SWIFT_VERSION = 5.0;
				TARGETED_DEVICE_FAMILY = "1,2";
				VALIDATE_PRODUCT = YES;
			};
			name = Release;
		};
		F4116BF5290C4FCA004E39AC /* Debug */ = {
			isa = XCBuildConfiguration;
			buildSettings = {
				ASSETCATALOG_COMPILER_APPICON_NAME = AppIcon;
				ASSETCATALOG_COMPILER_GLOBAL_ACCENT_COLOR_NAME = AccentColor;
				CODE_SIGN_ENTITLEMENTS = macOS/macOS.entitlements;
				CODE_SIGN_STYLE = Automatic;
				COMBINE_HIDPI_IMAGES = YES;
				CURRENT_PROJECT_VERSION = 1;
				DEVELOPMENT_TEAM = CV5FXG5P92;
				ENABLE_HARDENED_RUNTIME = YES;
				ENABLE_PREVIEWS = YES;
				GENERATE_INFOPLIST_FILE = YES;
				INFOPLIST_KEY_NSHumanReadableCopyright = "";
				LD_RUNPATH_SEARCH_PATHS = (
					"$(inherited)",
					"@executable_path/../Frameworks",
				);
				LIBRARY_SEARCH_PATHS = "$(SRCROOT)/ffi/MacOS//lib";
				MACOSX_DEPLOYMENT_TARGET = 11.6;
				MARKETING_VERSION = 1.0;
				OTHER_LDFLAGS = "-lc++";
				PRODUCT_BUNDLE_IDENTIFIER = "app.subscript.vectorizable-demo.VectorizableDemo";
				PRODUCT_NAME = VectorizableDemo;
				SDKROOT = macosx;
				SWIFT_EMIT_LOC_STRINGS = YES;
				SWIFT_OBJC_BRIDGING_HEADER = "$(SRCROOT)/Source/FFI/MACOS_FFI.h";
				SWIFT_VERSION = 5.0;
			};
			name = Debug;
		};
		F4116BF6290C4FCA004E39AC /* Release */ = {
			isa = XCBuildConfiguration;
			buildSettings = {
				ASSETCATALOG_COMPILER_APPICON_NAME = AppIcon;
				ASSETCATALOG_COMPILER_GLOBAL_ACCENT_COLOR_NAME = AccentColor;
				CODE_SIGN_ENTITLEMENTS = macOS/macOS.entitlements;
				CODE_SIGN_STYLE = Automatic;
				COMBINE_HIDPI_IMAGES = YES;
				CURRENT_PROJECT_VERSION = 1;
				DEVELOPMENT_TEAM = CV5FXG5P92;
				ENABLE_HARDENED_RUNTIME = YES;
				ENABLE_PREVIEWS = YES;
				GENERATE_INFOPLIST_FILE = YES;
				INFOPLIST_KEY_NSHumanReadableCopyright = "";
				LD_RUNPATH_SEARCH_PATHS = (
					"$(inherited)",
					"@executable_path/../Frameworks",
				);
				LIBRARY_SEARCH_PATHS = "$(SRCROOT)/ffi/MacOS//lib";
				MACOSX_DEPLOYMENT_TARGET = 11.6;
				MARKETING_VERSION = 1.0;
				OTHER_LDFLAGS = "-lc++";
				PRODUCT_BUNDLE_IDENTIFIER = "app.subscript.vectorizable-demo.VectorizableDemo";
				PRODUCT_NAME = VectorizableDemo;
				SDKROOT = macosx;
				SWIFT_EMIT_LOC_STRINGS = YES;
				SWIFT_OBJC_BRIDGING_HEADER = "$(SRCROOT)/Source/FFI/MACOS_FFI.h";
				SWIFT_VERSION = 5.0;
			};
			name = Release;
		};
/* End XCBuildConfiguration section */

/* Begin XCConfigurationList section */
		F4116BD7290C4FC5004E39AC /* Build configuration list for PBXProject "VectorizableDemo" */ = {
			isa = XCConfigurationList;
			buildConfigurations = (
				F4116BEF290C4FCA004E39AC /* Debug */,
				F4116BF0290C4FCA004E39AC /* Release */,
			);
			defaultConfigurationIsVisible = 0;
			defaultConfigurationName = Release;
		};
		F4116BF1290C4FCA004E39AC /* Build configuration list for PBXNativeTarget "VectorizableDemo (iOS)" */ = {
			isa = XCConfigurationList;
			buildConfigurations = (
				F4116BF2290C4FCA004E39AC /* Debug */,
				F4116BF3290C4FCA004E39AC /* Release */,
			);
			defaultConfigurationIsVisible = 0;
			defaultConfigurationName = Release;
		};
		F4116BF4290C4FCA004E39AC /* Build configuration list for PBXNativeTarget "VectorizableDemo (macOS)" */ = {
			isa = XCConfigurationList;
			buildConfigurations = (
				F4116BF5290C4FCA004E39AC /* Debug */,
				F4116BF6290C4FCA004E39AC /* Release */,
			);
			defaultConfigurationIsVisible = 0;
			defaultConfigurationName = Release;
		};
/* End XCConfigurationList section */
	};
	rootObject = F4116BD4290C4FC5004E39AC /* Project object */;
}
